
Microsoft Visual Studio Solution File, Format Version 12.00
# Visual Studio Version 16
VisualStudioVersion = 16.0.30114.105
MinimumVisualStudioVersion = 10.0.40219.1
Project("{FAE04EC0-301F-11D3-BF4B-00C04F79EFBC}") = "Infrastructure.ConsoleApp", "Infrastructure.ConsoleApp\Infrastructure.ConsoleApp.csproj", "{B0C7E65B-5BF6-4D40-ABC5-1FAC621255EC}"
EndProject
Project("{FAE04EC0-301F-11D3-BF4B-00C04F79EFBC}") = "Infrastructure.BlazorServer", "Infrastructure.BlazorServer\Infrastructure.BlazorServer.csproj", "{B29466D4-9769-4AE4-9B51-CB251955D1B4}"
EndProject
Project("{FAE04EC0-301F-11D3-BF4B-00C04F79EFBC}") = "Infrastructure.ConsoleApp.Tests", "Infrastructure.ConsoleApp.Tests\Infrastructure.ConsoleApp.Tests.csproj", "{C043CB74-7DFE-4702-97D2-9F1ACA6799B7}"
EndProject
Project("{2150E333-8FDC-42A3-9474-1A3956D46DE8}") = "SolutionItems", "SolutionItems", "{970A9658-1C24-476D-A893-28EA42F29D54}"
	ProjectSection(SolutionItems) = preProject
		README.md = README.md
	EndProjectSection
EndProject
Global
	GlobalSection(SolutionConfigurationPlatforms) = preSolution
		Debug|Any CPU = Debug|Any CPU
		Release|Any CPU = Release|Any CPU
	EndGlobalSection
	GlobalSection(SolutionProperties) = preSolution
		HideSolutionNode = FALSE
	EndGlobalSection
	GlobalSection(ProjectConfigurationPlatforms) = postSolution
		{B0C7E65B-5BF6-4D40-ABC5-1FAC621255EC}.Debug|Any CPU.ActiveCfg = Debug|Any CPU
		{B0C7E65B-5BF6-4D40-ABC5-1FAC621255EC}.Debug|Any CPU.Build.0 = Debug|Any CPU
		{B0C7E65B-5BF6-4D40-ABC5-1FAC621255EC}.Release|Any CPU.ActiveCfg = Release|Any CPU
		{B0C7E65B-5BF6-4D40-ABC5-1FAC621255EC}.Release|Any CPU.Build.0 = Release|Any CPU
		{B29466D4-9769-4AE4-9B51-CB251955D1B4}.Debug|Any CPU.ActiveCfg = Debug|Any CPU
		{B29466D4-9769-4AE4-9B51-CB251955D1B4}.Debug|Any CPU.Build.0 = Debug|Any CPU
		{B29466D4-9769-4AE4-9B51-CB251955D1B4}.Release|Any CPU.ActiveCfg = Release|Any CPU
		{B29466D4-9769-4AE4-9B51-CB251955D1B4}.Release|Any CPU.Build.0 = Release|Any CPU
		{C043CB74-7DFE-4702-97D2-9F1ACA6799B7}.Debug|Any CPU.ActiveCfg = Debug|Any CPU
		{C043CB74-7DFE-4702-97D2-9F1ACA6799B7}.Debug|Any CPU.Build.0 = Debug|Any CPU
		{C043CB74-7DFE-4702-97D2-9F1ACA6799B7}.Release|Any CPU.ActiveCfg = Release|Any CPU
		{C043CB74-7DFE-4702-97D2-9F1ACA6799B7}.Release|Any CPU.Build.0 = Release|Any CPU
	EndGlobalSection
EndGlobal
