
Microsoft Visual Studio Solution File, Format Version 12.00
# Visual Studio Version 16
VisualStudioVersion = 16.0.30114.105
MinimumVisualStudioVersion = 10.0.40219.1
Project("{FAE04EC0-301F-11D3-BF4B-00C04F79EFBC}") = "FeatureFlags.WebAPI", "FeatureFlags.WebAPI\FeatureFlags.WebAPI.csproj", "{065F9449-BE0E-4323-9980-9230017600A3}"
EndProject
Project("{2150E333-8FDC-42A3-9474-1A3956D46DE8}") = "SolutionItems", "SolutionItems", "{71FE0E90-16D6-44BE-B38F-3B0FD8CDE70F}"
ProjectSection(SolutionItems) = preProject
	README.md = README.md
EndProjectSection
EndProject
Project("{FAE04EC0-301F-11D3-BF4B-00C04F79EFBC}") = "FeatureFlags.LaunchDarkly.WebAPI", "FeatureFlags.LaunchDarkly.WebAPI\FeatureFlags.LaunchDarkly.WebAPI.csproj", "{7BE1D69A-C94B-4762-83C2-15F63A26C0EA}"
EndProject
Project("{2150E333-8FDC-42A3-9474-1A3956D46DE8}") = "Library", "Library", "{3CE3FDB3-DC18-4CE3-9DC2-2DB1E385AAA3}"
EndProject
Project("{FAE04EC0-301F-11D3-BF4B-00C04F79EFBC}") = "FeatureFlags.Library.Core", "Library\FeatureFlags.Library.Core\FeatureFlags.Library.Core.csproj", "{DAADD401-0F13-403F-9ACB-8B6BEFE4877C}"
EndProject
Project("{FAE04EC0-301F-11D3-BF4B-00C04F79EFBC}") = "FeatureFlags.Library.LaunchDarkly", "Library\FeatureFlags.Library.LaunchDarkly\FeatureFlags.Library.LaunchDarkly.csproj", "{A34F9895-6C2A-4CE1-AB01-9634C54FA855}"
EndProject
Project("{FAE04EC0-301F-11D3-BF4B-00C04F79EFBC}") = "FeatureFlags.Split.WebAPI", "FeatureFlags.Split.WebAPI\FeatureFlags.Split.WebAPI.csproj", "{76090F93-D56B-4CFE-894C-B593C7697D88}"
EndProject
Project("{FAE04EC0-301F-11D3-BF4B-00C04F79EFBC}") = "FeatureFlags.Library.SplitIO", "Library\FeatureFlags.Library.SplitIO\FeatureFlags.Library.SplitIO.csproj", "{650FD05B-FA6F-4A3E-8636-CF4CA56C11B9}"
EndProject
Project("{FAE04EC0-301F-11D3-BF4B-00C04F79EFBC}") = "FeatureFlags.Library.Flagsmith", "Library\FeatureFlags.Library.Flagsmith\FeatureFlags.Library.Flagsmith.csproj", "{EC2FF6E3-5255-451A-93A9-A8C2E9ABF4A5}"
EndProject
Project("{FAE04EC0-301F-11D3-BF4B-00C04F79EFBC}") = "FeatureFlags.Flagsmith.WebAPI", "FeatureFlags.Flagsmith.WebAPI\FeatureFlags.Flagsmith.WebAPI.csproj", "{9EDD466B-0BEC-4BC9-95B7-65EE8338ACEB}"
EndProject
Project("{FAE04EC0-301F-11D3-BF4B-00C04F79EFBC}") = "FeatureFlags.OpenFeatureDemoAPI", "FeatureFlags.OpenFeatureDemoAPI\FeatureFlags.OpenFeatureDemoAPI.csproj", "{37E21D28-677E-4DB9-8181-83B5751D63DC}"
EndProject
Project("{2150E333-8FDC-42A3-9474-1A3956D46DE8}") = "Flagd", "Flagd", "{A1D21B99-B8F4-4640-8982-E0D5BA67D97B}"
	ProjectSection(SolutionItems) = preProject
		Flagd\docker-compose.yml = Flagd\docker-compose.yml
		Flagd\README.md = Flagd\README.md
		Flagd\config\demo.flagd.json = Flagd\config\demo.flagd.json
	EndProjectSection
EndProject
Global
	GlobalSection(SolutionConfigurationPlatforms) = preSolution
		Debug|Any CPU = Debug|Any CPU
		Debug|x64 = Debug|x64
		Debug|x86 = Debug|x86
		Release|Any CPU = Release|Any CPU
		Release|x64 = Release|x64
		Release|x86 = Release|x86
	EndGlobalSection
	GlobalSection(SolutionProperties) = preSolution
		HideSolutionNode = FALSE
	EndGlobalSection
	GlobalSection(ProjectConfigurationPlatforms) = postSolution
		{065F9449-BE0E-4323-9980-9230017600A3}.Debug|Any CPU.ActiveCfg = Debug|Any CPU
		{065F9449-BE0E-4323-9980-9230017600A3}.Debug|Any CPU.Build.0 = Debug|Any CPU
		{065F9449-BE0E-4323-9980-9230017600A3}.Debug|x64.ActiveCfg = Debug|Any CPU
		{065F9449-BE0E-4323-9980-9230017600A3}.Debug|x64.Build.0 = Debug|Any CPU
		{065F9449-BE0E-4323-9980-9230017600A3}.Debug|x86.ActiveCfg = Debug|Any CPU
		{065F9449-BE0E-4323-9980-9230017600A3}.Debug|x86.Build.0 = Debug|Any CPU
		{065F9449-BE0E-4323-9980-9230017600A3}.Release|Any CPU.ActiveCfg = Release|Any CPU
		{065F9449-BE0E-4323-9980-9230017600A3}.Release|Any CPU.Build.0 = Release|Any CPU
		{065F9449-BE0E-4323-9980-9230017600A3}.Release|x64.ActiveCfg = Release|Any CPU
		{065F9449-BE0E-4323-9980-9230017600A3}.Release|x64.Build.0 = Release|Any CPU
		{065F9449-BE0E-4323-9980-9230017600A3}.Release|x86.ActiveCfg = Release|Any CPU
		{065F9449-BE0E-4323-9980-9230017600A3}.Release|x86.Build.0 = Release|Any CPU
		{7BE1D69A-C94B-4762-83C2-15F63A26C0EA}.Debug|Any CPU.ActiveCfg = Debug|Any CPU
		{7BE1D69A-C94B-4762-83C2-15F63A26C0EA}.Debug|Any CPU.Build.0 = Debug|Any CPU
		{7BE1D69A-C94B-4762-83C2-15F63A26C0EA}.Debug|x64.ActiveCfg = Debug|Any CPU
		{7BE1D69A-C94B-4762-83C2-15F63A26C0EA}.Debug|x64.Build.0 = Debug|Any CPU
		{7BE1D69A-C94B-4762-83C2-15F63A26C0EA}.Debug|x86.ActiveCfg = Debug|Any CPU
		{7BE1D69A-C94B-4762-83C2-15F63A26C0EA}.Debug|x86.Build.0 = Debug|Any CPU
		{7BE1D69A-C94B-4762-83C2-15F63A26C0EA}.Release|Any CPU.ActiveCfg = Release|Any CPU
		{7BE1D69A-C94B-4762-83C2-15F63A26C0EA}.Release|Any CPU.Build.0 = Release|Any CPU
		{7BE1D69A-C94B-4762-83C2-15F63A26C0EA}.Release|x64.ActiveCfg = Release|Any CPU
		{7BE1D69A-C94B-4762-83C2-15F63A26C0EA}.Release|x64.Build.0 = Release|Any CPU
		{7BE1D69A-C94B-4762-83C2-15F63A26C0EA}.Release|x86.ActiveCfg = Release|Any CPU
		{7BE1D69A-C94B-4762-83C2-15F63A26C0EA}.Release|x86.Build.0 = Release|Any CPU
		{DAADD401-0F13-403F-9ACB-8B6BEFE4877C}.Debug|Any CPU.ActiveCfg = Debug|Any CPU
		{DAADD401-0F13-403F-9ACB-8B6BEFE4877C}.Debug|Any CPU.Build.0 = Debug|Any CPU
		{DAADD401-0F13-403F-9ACB-8B6BEFE4877C}.Debug|x64.ActiveCfg = Debug|Any CPU
		{DAADD401-0F13-403F-9ACB-8B6BEFE4877C}.Debug|x64.Build.0 = Debug|Any CPU
		{DAADD401-0F13-403F-9ACB-8B6BEFE4877C}.Debug|x86.ActiveCfg = Debug|Any CPU
		{DAADD401-0F13-403F-9ACB-8B6BEFE4877C}.Debug|x86.Build.0 = Debug|Any CPU
		{DAADD401-0F13-403F-9ACB-8B6BEFE4877C}.Release|Any CPU.ActiveCfg = Release|Any CPU
		{DAADD401-0F13-403F-9ACB-8B6BEFE4877C}.Release|Any CPU.Build.0 = Release|Any CPU
		{DAADD401-0F13-403F-9ACB-8B6BEFE4877C}.Release|x64.ActiveCfg = Release|Any CPU
		{DAADD401-0F13-403F-9ACB-8B6BEFE4877C}.Release|x64.Build.0 = Release|Any CPU
		{DAADD401-0F13-403F-9ACB-8B6BEFE4877C}.Release|x86.ActiveCfg = Release|Any CPU
		{DAADD401-0F13-403F-9ACB-8B6BEFE4877C}.Release|x86.Build.0 = Release|Any CPU
		{A34F9895-6C2A-4CE1-AB01-9634C54FA855}.Debug|Any CPU.ActiveCfg = Debug|Any CPU
		{A34F9895-6C2A-4CE1-AB01-9634C54FA855}.Debug|Any CPU.Build.0 = Debug|Any CPU
		{A34F9895-6C2A-4CE1-AB01-9634C54FA855}.Debug|x64.ActiveCfg = Debug|Any CPU
		{A34F9895-6C2A-4CE1-AB01-9634C54FA855}.Debug|x64.Build.0 = Debug|Any CPU
		{A34F9895-6C2A-4CE1-AB01-9634C54FA855}.Debug|x86.ActiveCfg = Debug|Any CPU
		{A34F9895-6C2A-4CE1-AB01-9634C54FA855}.Debug|x86.Build.0 = Debug|Any CPU
		{A34F9895-6C2A-4CE1-AB01-9634C54FA855}.Release|Any CPU.ActiveCfg = Release|Any CPU
		{A34F9895-6C2A-4CE1-AB01-9634C54FA855}.Release|Any CPU.Build.0 = Release|Any CPU
		{A34F9895-6C2A-4CE1-AB01-9634C54FA855}.Release|x64.ActiveCfg = Release|Any CPU
		{A34F9895-6C2A-4CE1-AB01-9634C54FA855}.Release|x64.Build.0 = Release|Any CPU
		{A34F9895-6C2A-4CE1-AB01-9634C54FA855}.Release|x86.ActiveCfg = Release|Any CPU
		{A34F9895-6C2A-4CE1-AB01-9634C54FA855}.Release|x86.Build.0 = Release|Any CPU
		{76090F93-D56B-4CFE-894C-B593C7697D88}.Debug|Any CPU.ActiveCfg = Debug|Any CPU
		{76090F93-D56B-4CFE-894C-B593C7697D88}.Debug|Any CPU.Build.0 = Debug|Any CPU
		{76090F93-D56B-4CFE-894C-B593C7697D88}.Debug|x64.ActiveCfg = Debug|Any CPU
		{76090F93-D56B-4CFE-894C-B593C7697D88}.Debug|x64.Build.0 = Debug|Any CPU
		{76090F93-D56B-4CFE-894C-B593C7697D88}.Debug|x86.ActiveCfg = Debug|Any CPU
		{76090F93-D56B-4CFE-894C-B593C7697D88}.Debug|x86.Build.0 = Debug|Any CPU
		{76090F93-D56B-4CFE-894C-B593C7697D88}.Release|Any CPU.ActiveCfg = Release|Any CPU
		{76090F93-D56B-4CFE-894C-B593C7697D88}.Release|Any CPU.Build.0 = Release|Any CPU
		{76090F93-D56B-4CFE-894C-B593C7697D88}.Release|x64.ActiveCfg = Release|Any CPU
		{76090F93-D56B-4CFE-894C-B593C7697D88}.Release|x64.Build.0 = Release|Any CPU
		{76090F93-D56B-4CFE-894C-B593C7697D88}.Release|x86.ActiveCfg = Release|Any CPU
		{76090F93-D56B-4CFE-894C-B593C7697D88}.Release|x86.Build.0 = Release|Any CPU
		{650FD05B-FA6F-4A3E-8636-CF4CA56C11B9}.Debug|Any CPU.ActiveCfg = Debug|Any CPU
		{650FD05B-FA6F-4A3E-8636-CF4CA56C11B9}.Debug|Any CPU.Build.0 = Debug|Any CPU
		{650FD05B-FA6F-4A3E-8636-CF4CA56C11B9}.Debug|x64.ActiveCfg = Debug|Any CPU
		{650FD05B-FA6F-4A3E-8636-CF4CA56C11B9}.Debug|x64.Build.0 = Debug|Any CPU
		{650FD05B-FA6F-4A3E-8636-CF4CA56C11B9}.Debug|x86.ActiveCfg = Debug|Any CPU
		{650FD05B-FA6F-4A3E-8636-CF4CA56C11B9}.Debug|x86.Build.0 = Debug|Any CPU
		{650FD05B-FA6F-4A3E-8636-CF4CA56C11B9}.Release|Any CPU.ActiveCfg = Release|Any CPU
		{650FD05B-FA6F-4A3E-8636-CF4CA56C11B9}.Release|Any CPU.Build.0 = Release|Any CPU
		{650FD05B-FA6F-4A3E-8636-CF4CA56C11B9}.Release|x64.ActiveCfg = Release|Any CPU
		{650FD05B-FA6F-4A3E-8636-CF4CA56C11B9}.Release|x64.Build.0 = Release|Any CPU
		{650FD05B-FA6F-4A3E-8636-CF4CA56C11B9}.Release|x86.ActiveCfg = Release|Any CPU
		{650FD05B-FA6F-4A3E-8636-CF4CA56C11B9}.Release|x86.Build.0 = Release|Any CPU
		{EC2FF6E3-5255-451A-93A9-A8C2E9ABF4A5}.Debug|Any CPU.ActiveCfg = Debug|Any CPU
		{EC2FF6E3-5255-451A-93A9-A8C2E9ABF4A5}.Debug|Any CPU.Build.0 = Debug|Any CPU
		{EC2FF6E3-5255-451A-93A9-A8C2E9ABF4A5}.Debug|x64.ActiveCfg = Debug|Any CPU
		{EC2FF6E3-5255-451A-93A9-A8C2E9ABF4A5}.Debug|x64.Build.0 = Debug|Any CPU
		{EC2FF6E3-5255-451A-93A9-A8C2E9ABF4A5}.Debug|x86.ActiveCfg = Debug|Any CPU
		{EC2FF6E3-5255-451A-93A9-A8C2E9ABF4A5}.Debug|x86.Build.0 = Debug|Any CPU
		{EC2FF6E3-5255-451A-93A9-A8C2E9ABF4A5}.Release|Any CPU.ActiveCfg = Release|Any CPU
		{EC2FF6E3-5255-451A-93A9-A8C2E9ABF4A5}.Release|Any CPU.Build.0 = Release|Any CPU
		{EC2FF6E3-5255-451A-93A9-A8C2E9ABF4A5}.Release|x64.ActiveCfg = Release|Any CPU
		{EC2FF6E3-5255-451A-93A9-A8C2E9ABF4A5}.Release|x64.Build.0 = Release|Any CPU
		{EC2FF6E3-5255-451A-93A9-A8C2E9ABF4A5}.Release|x86.ActiveCfg = Release|Any CPU
		{EC2FF6E3-5255-451A-93A9-A8C2E9ABF4A5}.Release|x86.Build.0 = Release|Any CPU
		{9EDD466B-0BEC-4BC9-95B7-65EE8338ACEB}.Debug|Any CPU.ActiveCfg = Debug|Any CPU
		{9EDD466B-0BEC-4BC9-95B7-65EE8338ACEB}.Debug|Any CPU.Build.0 = Debug|Any CPU
		{9EDD466B-0BEC-4BC9-95B7-65EE8338ACEB}.Debug|x64.ActiveCfg = Debug|Any CPU
		{9EDD466B-0BEC-4BC9-95B7-65EE8338ACEB}.Debug|x64.Build.0 = Debug|Any CPU
		{9EDD466B-0BEC-4BC9-95B7-65EE8338ACEB}.Debug|x86.ActiveCfg = Debug|Any CPU
		{9EDD466B-0BEC-4BC9-95B7-65EE8338ACEB}.Debug|x86.Build.0 = Debug|Any CPU
		{9EDD466B-0BEC-4BC9-95B7-65EE8338ACEB}.Release|Any CPU.ActiveCfg = Release|Any CPU
		{9EDD466B-0BEC-4BC9-95B7-65EE8338ACEB}.Release|Any CPU.Build.0 = Release|Any CPU
		{9EDD466B-0BEC-4BC9-95B7-65EE8338ACEB}.Release|x64.ActiveCfg = Release|Any CPU
		{9EDD466B-0BEC-4BC9-95B7-65EE8338ACEB}.Release|x64.Build.0 = Release|Any CPU
		{9EDD466B-0BEC-4BC9-95B7-65EE8338ACEB}.Release|x86.ActiveCfg = Release|Any CPU
		{9EDD466B-0BEC-4BC9-95B7-65EE8338ACEB}.Release|x86.Build.0 = Release|Any CPU
		{37E21D28-677E-4DB9-8181-83B5751D63DC}.Debug|Any CPU.ActiveCfg = Debug|Any CPU
		{37E21D28-677E-4DB9-8181-83B5751D63DC}.Debug|Any CPU.Build.0 = Debug|Any CPU
		{37E21D28-677E-4DB9-8181-83B5751D63DC}.Debug|x64.ActiveCfg = Debug|Any CPU
		{37E21D28-677E-4DB9-8181-83B5751D63DC}.Debug|x64.Build.0 = Debug|Any CPU
		{37E21D28-677E-4DB9-8181-83B5751D63DC}.Debug|x86.ActiveCfg = Debug|Any CPU
		{37E21D28-677E-4DB9-8181-83B5751D63DC}.Debug|x86.Build.0 = Debug|Any CPU
		{37E21D28-677E-4DB9-8181-83B5751D63DC}.Release|Any CPU.ActiveCfg = Release|Any CPU
		{37E21D28-677E-4DB9-8181-83B5751D63DC}.Release|Any CPU.Build.0 = Release|Any CPU
		{37E21D28-677E-4DB9-8181-83B5751D63DC}.Release|x64.ActiveCfg = Release|Any CPU
		{37E21D28-677E-4DB9-8181-83B5751D63DC}.Release|x64.Build.0 = Release|Any CPU
		{37E21D28-677E-4DB9-8181-83B5751D63DC}.Release|x86.ActiveCfg = Release|Any CPU
		{37E21D28-677E-4DB9-8181-83B5751D63DC}.Release|x86.Build.0 = Release|Any CPU
	EndGlobalSection
	GlobalSection(NestedProjects) = preSolution
		{DAADD401-0F13-403F-9ACB-8B6BEFE4877C} = {3CE3FDB3-DC18-4CE3-9DC2-2DB1E385AAA3}
		{A34F9895-6C2A-4CE1-AB01-9634C54FA855} = {3CE3FDB3-DC18-4CE3-9DC2-2DB1E385AAA3}
		{650FD05B-FA6F-4A3E-8636-CF4CA56C11B9} = {3CE3FDB3-DC18-4CE3-9DC2-2DB1E385AAA3}
		{EC2FF6E3-5255-451A-93A9-A8C2E9ABF4A5} = {3CE3FDB3-DC18-4CE3-9DC2-2DB1E385AAA3}
		{A1D21B99-B8F4-4640-8982-E0D5BA67D97B} = {71FE0E90-16D6-44BE-B38F-3B0FD8CDE70F}
	EndGlobalSection
EndGlobal
