
Microsoft Visual Studio Solution File, Format Version 12.00
# Visual Studio Version 17
VisualStudioVersion = 17.0.31903.59
MinimumVisualStudioVersion = 10.0.40219.1
Project("{FAE04EC0-301F-11D3-BF4B-00C04F79EFBC}") = "FlurlAPIAccess.TestWebAPI", "FlurlAPIAccess.TestWebAPI\FlurlAPIAccess.TestWebAPI.csproj", "{B9A76D23-4FED-42C6-ADB2-45D1D0349C96}"
EndProject
Project("{FAE04EC0-301F-11D3-BF4B-00C04F79EFBC}") = "FlurlAPIAccess.TestWebAPI.Tests", "FlurlAPIAccess.TestWebAPI.Tests\FlurlAPIAccess.TestWebAPI.Tests.csproj", "{F212B921-346A-4A13-BC7D-3EEF4861CBE1}"
EndProject
Global
	GlobalSection(SolutionConfigurationPlatforms) = preSolution
		Debug|Any CPU = Debug|Any CPU
		Release|Any CPU = Release|Any CPU
	EndGlobalSection
	GlobalSection(SolutionProperties) = preSolution
		HideSolutionNode = FALSE
	EndGlobalSection
	GlobalSection(ProjectConfigurationPlatforms) = postSolution
		{B9A76D23-4FED-42C6-ADB2-45D1D0349C96}.Debug|Any CPU.ActiveCfg = Debug|Any CPU
		{B9A76D23-4FED-42C6-ADB2-45D1D0349C96}.Debug|Any CPU.Build.0 = Debug|Any CPU
		{B9A76D23-4FED-42C6-ADB2-45D1D0349C96}.Release|Any CPU.ActiveCfg = Release|Any CPU
		{B9A76D23-4FED-42C6-ADB2-45D1D0349C96}.Release|Any CPU.Build.0 = Release|Any CPU
		{F212B921-346A-4A13-BC7D-3EEF4861CBE1}.Debug|Any CPU.ActiveCfg = Debug|Any CPU
		{F212B921-346A-4A13-BC7D-3EEF4861CBE1}.Debug|Any CPU.Build.0 = Debug|Any CPU
		{F212B921-346A-4A13-BC7D-3EEF4861CBE1}.Release|Any CPU.ActiveCfg = Release|Any CPU
		{F212B921-346A-4A13-BC7D-3EEF4861CBE1}.Release|Any CPU.Build.0 = Release|Any CPU
	EndGlobalSection
EndGlobal
