
Microsoft Visual Studio Solution File, Format Version 12.00
# Visual Studio Version 16
VisualStudioVersion = 16.0.30717.126
MinimumVisualStudioVersion = 15.0.26124.0
Project("{9A19103F-16F7-4668-BE54-9A1E7A4F7556}") = "HealthEndpoints.Web", "Web\HealthEndpoints\HealthEndpoints.Web\HealthEndpoints.Web.csproj", "{E869B255-E90E-4DBF-801D-A7EBD76FF8C0}"
EndProject
Project("{9A19103F-16F7-4668-BE54-9A1E7A4F7556}") = "ConsoleApp-Microservice", "Templates\ConsoleApp-Microservice\ConsoleApp-Microservice\ConsoleApp-Microservice.csproj", "{CB6075BB-39F8-4DA9-A9E2-8AC37AC9B0AF}"
EndProject
Project("{9A19103F-16F7-4668-BE54-9A1E7A4F7556}") = "ConsoleApp", "Templates\ConsoleApp\ConsoleApp\ConsoleApp.csproj", "{ACE2FBD7-21E7-44C5-BD05-36C9F9C29699}"
EndProject
Project("{9A19103F-16F7-4668-BE54-9A1E7A4F7556}") = "SerilogExample.Web", "Logging\SerilogExample\SerilogExample.Web\SerilogExample.Web.csproj", "{0D4F57CE-1ADF-4AA3-8760-7B47CEEE3915}"
EndProject
Project("{2150E333-8FDC-42A3-9474-1A3956D46DE8}") = "Logging", "Logging", "{EB14C19D-7831-44DB-8478-7925B415235A}"
EndProject
Project("{2150E333-8FDC-42A3-9474-1A3956D46DE8}") = "Testing", "Testing", "{0AF3554B-D433-4D84-83CE-15C1F42DDDD0}"
EndProject
Project("{2150E333-8FDC-42A3-9474-1A3956D46DE8}") = "Mocking", "Mocking", "{14B98591-A76E-49D0-A2C3-25DFE4D1FC0F}"
EndProject
Project("{2150E333-8FDC-42A3-9474-1A3956D46DE8}") = "Serilog", "Serilog", "{7F32D615-3E50-40F0-91E4-1A20F538463F}"
EndProject
Project("{2150E333-8FDC-42A3-9474-1A3956D46DE8}") = "APIAccess", "APIAccess", "{435E0E6B-493B-4644-8433-4A8D575AC061}"
EndProject
Project("{2150E333-8FDC-42A3-9474-1A3956D46DE8}") = "Web", "Web", "{FFDD4A81-1C36-4410-B80E-B3A534D2DE6D}"
EndProject
Project("{2150E333-8FDC-42A3-9474-1A3956D46DE8}") = "HealthEndpoints", "HealthEndpoints", "{CF178828-E911-4728-88BC-BC7626632080}"
EndProject
Project("{2150E333-8FDC-42A3-9474-1A3956D46DE8}") = "Templates", "Templates", "{EDFEA364-03D4-4A38-81DD-2AD7E6E6836C}"
EndProject
Project("{9A19103F-16F7-4668-BE54-9A1E7A4F7556}") = "Mocking.Mediator", "Testing\Mocking\Mocking.Mediator\Mocking.Mediator.csproj", "{76EAC4CA-A56D-4F82-B0BD-8F60D68319A6}"
EndProject
Project("{9A19103F-16F7-4668-BE54-9A1E7A4F7556}") = "Mocking.Mediator.Tests", "Testing\Mocking\Mocking.Mediator.Tests\Mocking.Mediator.Tests.csproj", "{5F468A08-E35A-4A61-9676-06B37316B885}"
EndProject
Project("{9A19103F-16F7-4668-BE54-9A1E7A4F7556}") = "Mocking.Moq", "Testing\Mocking\Mocking.Moq\Mocking.Moq.csproj", "{47068E19-D311-4366-BF85-139CAC7B276A}"
EndProject
Project("{9A19103F-16F7-4668-BE54-9A1E7A4F7556}") = "Mocking.NSubstitute", "Testing\Mocking\Mocking.NSubstitute\Mocking.NSubstitute.csproj", "{5FD2CA62-D300-4012-8168-C520BA09325F}"
EndProject
Project("{9A19103F-16F7-4668-BE54-9A1E7A4F7556}") = "Mocking.Shared", "Testing\Mocking\Mocking.Shared\Mocking.Shared.csproj", "{8276EF53-F646-40D5-8A27-AAEF9C34FFDC}"
EndProject
Project("{2150E333-8FDC-42A3-9474-1A3956D46DE8}") = "HttpREPL", "HttpREPL", "{976CC5FC-B992-476F-A80D-B9D43C954125}"
EndProject
Project("{2150E333-8FDC-42A3-9474-1A3956D46DE8}") = "Polly", "Polly", "{0511C450-DAEC-403F-AC93-22B0D54A1A4E}"
EndProject
Project("{2150E333-8FDC-42A3-9474-1A3956D46DE8}") = "Refit", "Refit", "{B27FE850-60DB-4661-98A6-D2AC9C1A730D}"
EndProject
Project("{9A19103F-16F7-4668-BE54-9A1E7A4F7556}") = "Refit.ConsoleApp", "APIAccess\Refit\Refit.ConsoleApp\Refit.ConsoleApp.csproj", "{B76DFCB9-F4E8-4CCC-952B-3456BEB33BAD}"
EndProject
Project("{9A19103F-16F7-4668-BE54-9A1E7A4F7556}") = "Polly.Shared", "APIAccess\Polly\Polly.Shared\Polly.Shared.csproj", "{8FF4A3FA-3B9A-4222-A6AE-122EC7E178FA}"
EndProject
Project("{9A19103F-16F7-4668-BE54-9A1E7A4F7556}") = "Polly.Web", "APIAccess\Polly\Polly.Web\Polly.Web.csproj", "{5E5A34CD-2465-45FA-A9F2-324C3FF5F59A}"
EndProject
Project("{9A19103F-16F7-4668-BE54-9A1E7A4F7556}") = "Polly.Web.FlakyServer", "APIAccess\Polly\Polly.Web.FlakyServer\Polly.Web.FlakyServer.csproj", "{5C6E6F05-CE45-472B-9D76-62ACB66BB069}"
EndProject
Project("{9A19103F-16F7-4668-BE54-9A1E7A4F7556}") = "HttpREPL.Web", "APIAccess\HttpREPL\HttpREPL.Web\HttpREPL.Web.csproj", "{D76FF160-A03F-4463-A93B-59B43147E05F}"
EndProject
Project("{2150E333-8FDC-42A3-9474-1A3956D46DE8}") = "Configuration", "Configuration", "{8AC1B855-5664-4368-B1D1-73834BF897B9}"
EndProject
Project("{9A19103F-16F7-4668-BE54-9A1E7A4F7556}") = "Configuration.Web", "Configuration\Configuration.Web\Configuration.Web.csproj", "{8F4036E4-CA3D-477F-975B-F4F38307C2BE}"
EndProject
Project("{9A19103F-16F7-4668-BE54-9A1E7A4F7556}") = "NUnit.BusinessLogic", "Testing\NUnit\NUnit.BusinessLogic\NUnit.BusinessLogic.csproj", "{0A93CB72-17AC-43D2-A153-D08DBEDE947A}"
EndProject
Project("{9A19103F-16F7-4668-BE54-9A1E7A4F7556}") = "NUnit.Tests", "Testing\NUnit\NUnit.Tests\NUnit.Tests.csproj", "{61327AA0-E6A6-4775-A4AF-471DA48E4DFC}"
EndProject
Project("{2150E333-8FDC-42A3-9474-1A3956D46DE8}") = "NUnit", "NUnit", "{862A27DC-C7B9-4597-8D54-1C2177B9E5D3}"
EndProject
Project("{2150E333-8FDC-42A3-9474-1A3956D46DE8}") = "xUnit", "xUnit", "{0583436C-4BE6-499E-8A1B-EAB30E1FF0E5}"
EndProject
Project("{9A19103F-16F7-4668-BE54-9A1E7A4F7556}") = "XUnit.BusinessLogic", "Testing\xUnit\XUnit.BusinessLogic\XUnit.BusinessLogic.csproj", "{341FB258-5FD4-4366-9819-971F00E23A95}"
EndProject
Project("{9A19103F-16F7-4668-BE54-9A1E7A4F7556}") = "XUnit.Tests", "Testing\xUnit\XUnit.Tests\XUnit.Tests.csproj", "{B03DDC9E-033C-4AC9-AC3B-742D3AE7D558}"
EndProject
Project("{2150E333-8FDC-42A3-9474-1A3956D46DE8}") = "Blazor", "Blazor", "{A05463A5-F2B6-469D-B159-CAF55C13C8F6}"
EndProject
Project("{2150E333-8FDC-42A3-9474-1A3956D46DE8}") = "ASP.Net Hosted", "ASP.Net Hosted", "{4D1B7947-463E-4810-9B2D-6AF37F9CEDD9}"
EndProject
Project("{2150E333-8FDC-42A3-9474-1A3956D46DE8}") = "Client", "Client", "{79BA4456-DAC6-445A-AB2F-3F5F22EC52C5}"
EndProject
Project("{2150E333-8FDC-42A3-9474-1A3956D46DE8}") = "Server", "Server", "{35F05C49-B00B-4767-BBA1-26D4CB106A8A}"
EndProject
Project("{9A19103F-16F7-4668-BE54-9A1E7A4F7556}") = "BlazorServer", "Web\Blazor\BlazorServer\BlazorServer.csproj", "{FB0EE1FA-AF23-4C8F-AF4E-5B7F1C2D3F54}"
EndProject
Project("{9A19103F-16F7-4668-BE54-9A1E7A4F7556}") = "BlazorClient.NonASPHosted", "Web\Blazor\BlazorClient.NonASPHosted\BlazorClient.NonASPHosted.csproj", "{5B3D330A-24D4-4B97-B140-D9D68D267E11}"
EndProject
Project("{9A19103F-16F7-4668-BE54-9A1E7A4F7556}") = "BlazorClient.ASPHosted.Shared", "Web\Blazor\BlazorClient.ASPHosted\Shared\BlazorClient.ASPHosted.Shared.csproj", "{08A6A651-868C-42D4-91E4-C057A23E0D49}"
EndProject
Project("{9A19103F-16F7-4668-BE54-9A1E7A4F7556}") = "BlazorClient.ASPHosted.Server", "Web\Blazor\BlazorClient.ASPHosted\Server\BlazorClient.ASPHosted.Server.csproj", "{B2927892-5E2E-4FB7-8CE1-D742899A4D15}"
EndProject
Project("{9A19103F-16F7-4668-BE54-9A1E7A4F7556}") = "BlazorClient.ASPHosted.Client", "Web\Blazor\BlazorClient.ASPHosted\Client\BlazorClient.ASPHosted.Client.csproj", "{0C5BC82E-F77B-4B29-AAB4-DE5CCD0FFA8D}"
EndProject
Project("{2150E333-8FDC-42A3-9474-1A3956D46DE8}") = "BackgroundJobs", "BackgroundJobs", "{35F1CFBF-AF7D-49FC-AACF-585FED4FB3BF}"
EndProject
Project("{9A19103F-16F7-4668-BE54-9A1E7A4F7556}") = "QuartzExample.Web", "BackgroundJobs\QuartzExample.Web\QuartzExample.Web.csproj", "{C0EF0BAC-2766-4D7C-80C6-6993F243F6CC}"
EndProject
Project("{2150E333-8FDC-42A3-9474-1A3956D46DE8}") = "Emailing", "Emailing", "{3ABEF0EC-80EB-4701-B474-601A91942910}"
EndProject
Project("{9A19103F-16F7-4668-BE54-9A1E7A4F7556}") = "FluentEmail.Web", "Emailing\FluentEmail.Web\FluentEmail.Web.csproj", "{1CA2A208-4236-47DF-80B5-C40E6A6E7A91}"
EndProject
Project("{9A19103F-16F7-4668-BE54-9A1E7A4F7556}") = "AWSCloudWatch.Web", "Logging\AWSCloudWatch\AWSCloudWatch.Web\AWSCloudWatch.Web.csproj", "{9F7EEC1A-848B-4347-8F9A-A86BBD22A780}"
EndProject
Project("{9A19103F-16F7-4668-BE54-9A1E7A4F7556}") = "Hangfire.Web", "BackgroundJobs\Hangfire.Web\Hangfire.Web.csproj", "{D95B3DA8-9FCC-4BE1-803A-79FCF3003E6A}"
EndProject
Project("{2150E333-8FDC-42A3-9474-1A3956D46DE8}") = "DataAccess", "DataAccess", "{CE153B32-1C89-4DCF-B9B3-F1B3F5885818}"
EndProject
Project("{9A19103F-16F7-4668-BE54-9A1E7A4F7556}") = "EFCore.Web", "DataAccess\EFCore.Web\EFCore.Web.csproj", "{CB943BC3-CF9C-4DC6-BCB3-04BD86DD7A6E}"
EndProject
Project("{2150E333-8FDC-42A3-9474-1A3956D46DE8}") = "Messaging", "Messaging", "{EE670560-68C8-4738-88D2-BA4E62EFE767}"
EndProject
Project("{9A19103F-16F7-4668-BE54-9A1E7A4F7556}") = "Messaging.Events.Contracts", "Messaging\Messaging.Events.Contracts\Messaging.Events.Contracts.csproj", "{E9F27ADB-B1FE-4BB0-9995-F81DD50B96E7}"
EndProject
Project("{9A19103F-16F7-4668-BE54-9A1E7A4F7556}") = "Messaging.Configuration", "Messaging\Messaging.Configuration\Messaging.Configuration.csproj", "{A1B63585-6310-43AF-895F-BF47F8344DE3}"
EndProject
Project("{9A19103F-16F7-4668-BE54-9A1E7A4F7556}") = "Messaging.AmazonSQS.Producer", "Messaging\Messaging.AmazonSQS.Producer\Messaging.AmazonSQS.Producer.csproj", "{761AE8E7-9BC3-4D59-8AEA-EECC9DBD3664}"
EndProject
Project("{2150E333-8FDC-42A3-9474-1A3956D46DE8}") = "AmazonSQS", "AmazonSQS", "{D0509CD9-DB19-4D4C-8D2A-6F310D7F126F}"
EndProject
Project("{9A19103F-16F7-4668-BE54-9A1E7A4F7556}") = "Messaging.AmazonSQS.ConsumerA", "Messaging\Messaging.AmazonSQS.ConsumerA\Messaging.AmazonSQS.ConsumerA.csproj", "{1B3E312B-9689-44F8-85E3-27626D1FA177}"
EndProject
Project("{9A19103F-16F7-4668-BE54-9A1E7A4F7556}") = "Messaging.AmazonSQS.ConsumerB", "Messaging\Messaging.AmazonSQS.ConsumerB\Messaging.AmazonSQS.ConsumerB.csproj", "{1338B7BC-C8E1-4322-B32E-2E0C84D86138}"
EndProject
Project("{9A19103F-16F7-4668-BE54-9A1E7A4F7556}") = "Messaging.AmazonSQS.Extensions", "Messaging\Messaging.AmazonSQS.Extensions\Messaging.AmazonSQS.Extensions.csproj", "{DFEB5005-8591-4C7F-9BA1-0E17E824EA7E}"
EndProject
Project("{9A19103F-16F7-4668-BE54-9A1E7A4F7556}") = "WorkerServiceExample", "BackgroundJobs\WorkerServiceExample\WorkerServiceExample.csproj", "{BE177642-4E95-4F46-A34A-99D7C33985F6}"
EndProject
Project("{2150E333-8FDC-42A3-9474-1A3956D46DE8}") = "Benchmarks", "Benchmarks", "{7FB257C6-7322-46CB-9536-522AA44F4DB9}"
EndProject
Project("{9A19103F-16F7-4668-BE54-9A1E7A4F7556}") = "Benchmarks.ConsoleApp", "Benchmarks\Benchmarks.ConsoleApp\Benchmarks.ConsoleApp.csproj", "{BEF8B549-9A0E-4695-B65F-CEAD07B75EB6}"
EndProject
Project("{9A19103F-16F7-4668-BE54-9A1E7A4F7556}") = "Benchmarks.DILibrary", "Benchmarks\Benchmarks.DILibrary\Benchmarks.DILibrary.csproj", "{E7D2FA18-C929-478E-B5DB-644B30644041}"
EndProject
Project("{2150E333-8FDC-42A3-9474-1A3956D46DE8}") = "RealTime", "RealTime", "{04F0992E-2778-4975-9016-9A9DD24D65A8}"
EndProject
Project("{FAE04EC0-301F-11D3-BF4B-00C04F79EFBC}") = "RealTime.SignalR.Server", "RealTime\RealTime.SignalR.Server\RealTime.SignalR.Server.csproj", "{1EEA9861-20C8-4A42-A09B-F6BFF7292B76}"
EndProject
Project("{FAE04EC0-301F-11D3-BF4B-00C04F79EFBC}") = "RealTime.SignalR.BlazorWeb", "RealTime\RealTime.SignalR.BlazorWeb\RealTime.SignalR.BlazorWeb.csproj", "{C4EA5CA6-AD01-49E9-88A3-74EB9CC28678}"
EndProject
Project("{FAE04EC0-301F-11D3-BF4B-00C04F79EFBC}") = "RealTime.SignalR.Angular", "RealTime\RealTime.SignalR.Angular\RealTime.SignalR.Angular.csproj", "{8897AFCB-19D5-488F-ACF3-276B93C7155F}"
EndProject
Project("{FAE04EC0-301F-11D3-BF4B-00C04F79EFBC}") = "RealTime.SignalR.React", "RealTime\RealTime.SignalR.React\RealTime.SignalR.React.csproj", "{54AC08DD-7D04-48CA-949C-AE8EC8441FA3}"
EndProject
Global
	GlobalSection(SolutionConfigurationPlatforms) = preSolution
		Debug|Any CPU = Debug|Any CPU
		Debug|x64 = Debug|x64
		Debug|x86 = Debug|x86
		Release|Any CPU = Release|Any CPU
		Release|x64 = Release|x64
		Release|x86 = Release|x86
	EndGlobalSection
	GlobalSection(ProjectConfigurationPlatforms) = postSolution
		{E869B255-E90E-4DBF-801D-A7EBD76FF8C0}.Debug|Any CPU.ActiveCfg = Debug|Any CPU
		{E869B255-E90E-4DBF-801D-A7EBD76FF8C0}.Debug|Any CPU.Build.0 = Debug|Any CPU
		{E869B255-E90E-4DBF-801D-A7EBD76FF8C0}.Debug|x64.ActiveCfg = Debug|Any CPU
		{E869B255-E90E-4DBF-801D-A7EBD76FF8C0}.Debug|x64.Build.0 = Debug|Any CPU
		{E869B255-E90E-4DBF-801D-A7EBD76FF8C0}.Debug|x86.ActiveCfg = Debug|Any CPU
		{E869B255-E90E-4DBF-801D-A7EBD76FF8C0}.Debug|x86.Build.0 = Debug|Any CPU
		{E869B255-E90E-4DBF-801D-A7EBD76FF8C0}.Release|Any CPU.ActiveCfg = Release|Any CPU
		{E869B255-E90E-4DBF-801D-A7EBD76FF8C0}.Release|Any CPU.Build.0 = Release|Any CPU
		{E869B255-E90E-4DBF-801D-A7EBD76FF8C0}.Release|x64.ActiveCfg = Release|Any CPU
		{E869B255-E90E-4DBF-801D-A7EBD76FF8C0}.Release|x64.Build.0 = Release|Any CPU
		{E869B255-E90E-4DBF-801D-A7EBD76FF8C0}.Release|x86.ActiveCfg = Release|Any CPU
		{E869B255-E90E-4DBF-801D-A7EBD76FF8C0}.Release|x86.Build.0 = Release|Any CPU
		{CB6075BB-39F8-4DA9-A9E2-8AC37AC9B0AF}.Debug|Any CPU.ActiveCfg = Debug|Any CPU
		{CB6075BB-39F8-4DA9-A9E2-8AC37AC9B0AF}.Debug|Any CPU.Build.0 = Debug|Any CPU
		{CB6075BB-39F8-4DA9-A9E2-8AC37AC9B0AF}.Debug|x64.ActiveCfg = Debug|Any CPU
		{CB6075BB-39F8-4DA9-A9E2-8AC37AC9B0AF}.Debug|x64.Build.0 = Debug|Any CPU
		{CB6075BB-39F8-4DA9-A9E2-8AC37AC9B0AF}.Debug|x86.ActiveCfg = Debug|Any CPU
		{CB6075BB-39F8-4DA9-A9E2-8AC37AC9B0AF}.Debug|x86.Build.0 = Debug|Any CPU
		{CB6075BB-39F8-4DA9-A9E2-8AC37AC9B0AF}.Release|Any CPU.ActiveCfg = Release|Any CPU
		{CB6075BB-39F8-4DA9-A9E2-8AC37AC9B0AF}.Release|Any CPU.Build.0 = Release|Any CPU
		{CB6075BB-39F8-4DA9-A9E2-8AC37AC9B0AF}.Release|x64.ActiveCfg = Release|Any CPU
		{CB6075BB-39F8-4DA9-A9E2-8AC37AC9B0AF}.Release|x64.Build.0 = Release|Any CPU
		{CB6075BB-39F8-4DA9-A9E2-8AC37AC9B0AF}.Release|x86.ActiveCfg = Release|Any CPU
		{CB6075BB-39F8-4DA9-A9E2-8AC37AC9B0AF}.Release|x86.Build.0 = Release|Any CPU
		{ACE2FBD7-21E7-44C5-BD05-36C9F9C29699}.Debug|Any CPU.ActiveCfg = Debug|Any CPU
		{ACE2FBD7-21E7-44C5-BD05-36C9F9C29699}.Debug|Any CPU.Build.0 = Debug|Any CPU
		{ACE2FBD7-21E7-44C5-BD05-36C9F9C29699}.Debug|x64.ActiveCfg = Debug|Any CPU
		{ACE2FBD7-21E7-44C5-BD05-36C9F9C29699}.Debug|x64.Build.0 = Debug|Any CPU
		{ACE2FBD7-21E7-44C5-BD05-36C9F9C29699}.Debug|x86.ActiveCfg = Debug|Any CPU
		{ACE2FBD7-21E7-44C5-BD05-36C9F9C29699}.Debug|x86.Build.0 = Debug|Any CPU
		{ACE2FBD7-21E7-44C5-BD05-36C9F9C29699}.Release|Any CPU.ActiveCfg = Release|Any CPU
		{ACE2FBD7-21E7-44C5-BD05-36C9F9C29699}.Release|Any CPU.Build.0 = Release|Any CPU
		{ACE2FBD7-21E7-44C5-BD05-36C9F9C29699}.Release|x64.ActiveCfg = Release|Any CPU
		{ACE2FBD7-21E7-44C5-BD05-36C9F9C29699}.Release|x64.Build.0 = Release|Any CPU
		{ACE2FBD7-21E7-44C5-BD05-36C9F9C29699}.Release|x86.ActiveCfg = Release|Any CPU
		{ACE2FBD7-21E7-44C5-BD05-36C9F9C29699}.Release|x86.Build.0 = Release|Any CPU
		{0D4F57CE-1ADF-4AA3-8760-7B47CEEE3915}.Debug|Any CPU.ActiveCfg = Debug|Any CPU
		{0D4F57CE-1ADF-4AA3-8760-7B47CEEE3915}.Debug|Any CPU.Build.0 = Debug|Any CPU
		{0D4F57CE-1ADF-4AA3-8760-7B47CEEE3915}.Debug|x64.ActiveCfg = Debug|Any CPU
		{0D4F57CE-1ADF-4AA3-8760-7B47CEEE3915}.Debug|x64.Build.0 = Debug|Any CPU
		{0D4F57CE-1ADF-4AA3-8760-7B47CEEE3915}.Debug|x86.ActiveCfg = Debug|Any CPU
		{0D4F57CE-1ADF-4AA3-8760-7B47CEEE3915}.Debug|x86.Build.0 = Debug|Any CPU
		{0D4F57CE-1ADF-4AA3-8760-7B47CEEE3915}.Release|Any CPU.ActiveCfg = Release|Any CPU
		{0D4F57CE-1ADF-4AA3-8760-7B47CEEE3915}.Release|Any CPU.Build.0 = Release|Any CPU
		{0D4F57CE-1ADF-4AA3-8760-7B47CEEE3915}.Release|x64.ActiveCfg = Release|Any CPU
		{0D4F57CE-1ADF-4AA3-8760-7B47CEEE3915}.Release|x64.Build.0 = Release|Any CPU
		{0D4F57CE-1ADF-4AA3-8760-7B47CEEE3915}.Release|x86.ActiveCfg = Release|Any CPU
		{0D4F57CE-1ADF-4AA3-8760-7B47CEEE3915}.Release|x86.Build.0 = Release|Any CPU
		{76EAC4CA-A56D-4F82-B0BD-8F60D68319A6}.Debug|Any CPU.ActiveCfg = Debug|Any CPU
		{76EAC4CA-A56D-4F82-B0BD-8F60D68319A6}.Debug|Any CPU.Build.0 = Debug|Any CPU
		{76EAC4CA-A56D-4F82-B0BD-8F60D68319A6}.Debug|x64.ActiveCfg = Debug|Any CPU
		{76EAC4CA-A56D-4F82-B0BD-8F60D68319A6}.Debug|x64.Build.0 = Debug|Any CPU
		{76EAC4CA-A56D-4F82-B0BD-8F60D68319A6}.Debug|x86.ActiveCfg = Debug|Any CPU
		{76EAC4CA-A56D-4F82-B0BD-8F60D68319A6}.Debug|x86.Build.0 = Debug|Any CPU
		{76EAC4CA-A56D-4F82-B0BD-8F60D68319A6}.Release|Any CPU.ActiveCfg = Release|Any CPU
		{76EAC4CA-A56D-4F82-B0BD-8F60D68319A6}.Release|Any CPU.Build.0 = Release|Any CPU
		{76EAC4CA-A56D-4F82-B0BD-8F60D68319A6}.Release|x64.ActiveCfg = Release|Any CPU
		{76EAC4CA-A56D-4F82-B0BD-8F60D68319A6}.Release|x64.Build.0 = Release|Any CPU
		{76EAC4CA-A56D-4F82-B0BD-8F60D68319A6}.Release|x86.ActiveCfg = Release|Any CPU
		{76EAC4CA-A56D-4F82-B0BD-8F60D68319A6}.Release|x86.Build.0 = Release|Any CPU
		{5F468A08-E35A-4A61-9676-06B37316B885}.Debug|Any CPU.ActiveCfg = Debug|Any CPU
		{5F468A08-E35A-4A61-9676-06B37316B885}.Debug|Any CPU.Build.0 = Debug|Any CPU
		{5F468A08-E35A-4A61-9676-06B37316B885}.Debug|x64.ActiveCfg = Debug|Any CPU
		{5F468A08-E35A-4A61-9676-06B37316B885}.Debug|x64.Build.0 = Debug|Any CPU
		{5F468A08-E35A-4A61-9676-06B37316B885}.Debug|x86.ActiveCfg = Debug|Any CPU
		{5F468A08-E35A-4A61-9676-06B37316B885}.Debug|x86.Build.0 = Debug|Any CPU
		{5F468A08-E35A-4A61-9676-06B37316B885}.Release|Any CPU.ActiveCfg = Release|Any CPU
		{5F468A08-E35A-4A61-9676-06B37316B885}.Release|Any CPU.Build.0 = Release|Any CPU
		{5F468A08-E35A-4A61-9676-06B37316B885}.Release|x64.ActiveCfg = Release|Any CPU
		{5F468A08-E35A-4A61-9676-06B37316B885}.Release|x64.Build.0 = Release|Any CPU
		{5F468A08-E35A-4A61-9676-06B37316B885}.Release|x86.ActiveCfg = Release|Any CPU
		{5F468A08-E35A-4A61-9676-06B37316B885}.Release|x86.Build.0 = Release|Any CPU
		{47068E19-D311-4366-BF85-139CAC7B276A}.Debug|Any CPU.ActiveCfg = Debug|Any CPU
		{47068E19-D311-4366-BF85-139CAC7B276A}.Debug|Any CPU.Build.0 = Debug|Any CPU
		{47068E19-D311-4366-BF85-139CAC7B276A}.Debug|x64.ActiveCfg = Debug|Any CPU
		{47068E19-D311-4366-BF85-139CAC7B276A}.Debug|x64.Build.0 = Debug|Any CPU
		{47068E19-D311-4366-BF85-139CAC7B276A}.Debug|x86.ActiveCfg = Debug|Any CPU
		{47068E19-D311-4366-BF85-139CAC7B276A}.Debug|x86.Build.0 = Debug|Any CPU
		{47068E19-D311-4366-BF85-139CAC7B276A}.Release|Any CPU.ActiveCfg = Release|Any CPU
		{47068E19-D311-4366-BF85-139CAC7B276A}.Release|Any CPU.Build.0 = Release|Any CPU
		{47068E19-D311-4366-BF85-139CAC7B276A}.Release|x64.ActiveCfg = Release|Any CPU
		{47068E19-D311-4366-BF85-139CAC7B276A}.Release|x64.Build.0 = Release|Any CPU
		{47068E19-D311-4366-BF85-139CAC7B276A}.Release|x86.ActiveCfg = Release|Any CPU
		{47068E19-D311-4366-BF85-139CAC7B276A}.Release|x86.Build.0 = Release|Any CPU
		{5FD2CA62-D300-4012-8168-C520BA09325F}.Debug|Any CPU.ActiveCfg = Debug|Any CPU
		{5FD2CA62-D300-4012-8168-C520BA09325F}.Debug|Any CPU.Build.0 = Debug|Any CPU
		{5FD2CA62-D300-4012-8168-C520BA09325F}.Debug|x64.ActiveCfg = Debug|Any CPU
		{5FD2CA62-D300-4012-8168-C520BA09325F}.Debug|x64.Build.0 = Debug|Any CPU
		{5FD2CA62-D300-4012-8168-C520BA09325F}.Debug|x86.ActiveCfg = Debug|Any CPU
		{5FD2CA62-D300-4012-8168-C520BA09325F}.Debug|x86.Build.0 = Debug|Any CPU
		{5FD2CA62-D300-4012-8168-C520BA09325F}.Release|Any CPU.ActiveCfg = Release|Any CPU
		{5FD2CA62-D300-4012-8168-C520BA09325F}.Release|Any CPU.Build.0 = Release|Any CPU
		{5FD2CA62-D300-4012-8168-C520BA09325F}.Release|x64.ActiveCfg = Release|Any CPU
		{5FD2CA62-D300-4012-8168-C520BA09325F}.Release|x64.Build.0 = Release|Any CPU
		{5FD2CA62-D300-4012-8168-C520BA09325F}.Release|x86.ActiveCfg = Release|Any CPU
		{5FD2CA62-D300-4012-8168-C520BA09325F}.Release|x86.Build.0 = Release|Any CPU
		{8276EF53-F646-40D5-8A27-AAEF9C34FFDC}.Debug|Any CPU.ActiveCfg = Debug|Any CPU
		{8276EF53-F646-40D5-8A27-AAEF9C34FFDC}.Debug|Any CPU.Build.0 = Debug|Any CPU
		{8276EF53-F646-40D5-8A27-AAEF9C34FFDC}.Debug|x64.ActiveCfg = Debug|Any CPU
		{8276EF53-F646-40D5-8A27-AAEF9C34FFDC}.Debug|x64.Build.0 = Debug|Any CPU
		{8276EF53-F646-40D5-8A27-AAEF9C34FFDC}.Debug|x86.ActiveCfg = Debug|Any CPU
		{8276EF53-F646-40D5-8A27-AAEF9C34FFDC}.Debug|x86.Build.0 = Debug|Any CPU
		{8276EF53-F646-40D5-8A27-AAEF9C34FFDC}.Release|Any CPU.ActiveCfg = Release|Any CPU
		{8276EF53-F646-40D5-8A27-AAEF9C34FFDC}.Release|Any CPU.Build.0 = Release|Any CPU
		{8276EF53-F646-40D5-8A27-AAEF9C34FFDC}.Release|x64.ActiveCfg = Release|Any CPU
		{8276EF53-F646-40D5-8A27-AAEF9C34FFDC}.Release|x64.Build.0 = Release|Any CPU
		{8276EF53-F646-40D5-8A27-AAEF9C34FFDC}.Release|x86.ActiveCfg = Release|Any CPU
		{8276EF53-F646-40D5-8A27-AAEF9C34FFDC}.Release|x86.Build.0 = Release|Any CPU
		{B76DFCB9-F4E8-4CCC-952B-3456BEB33BAD}.Debug|Any CPU.ActiveCfg = Debug|Any CPU
		{B76DFCB9-F4E8-4CCC-952B-3456BEB33BAD}.Debug|Any CPU.Build.0 = Debug|Any CPU
		{B76DFCB9-F4E8-4CCC-952B-3456BEB33BAD}.Debug|x64.ActiveCfg = Debug|Any CPU
		{B76DFCB9-F4E8-4CCC-952B-3456BEB33BAD}.Debug|x64.Build.0 = Debug|Any CPU
		{B76DFCB9-F4E8-4CCC-952B-3456BEB33BAD}.Debug|x86.ActiveCfg = Debug|Any CPU
		{B76DFCB9-F4E8-4CCC-952B-3456BEB33BAD}.Debug|x86.Build.0 = Debug|Any CPU
		{B76DFCB9-F4E8-4CCC-952B-3456BEB33BAD}.Release|Any CPU.ActiveCfg = Release|Any CPU
		{B76DFCB9-F4E8-4CCC-952B-3456BEB33BAD}.Release|Any CPU.Build.0 = Release|Any CPU
		{B76DFCB9-F4E8-4CCC-952B-3456BEB33BAD}.Release|x64.ActiveCfg = Release|Any CPU
		{B76DFCB9-F4E8-4CCC-952B-3456BEB33BAD}.Release|x64.Build.0 = Release|Any CPU
		{B76DFCB9-F4E8-4CCC-952B-3456BEB33BAD}.Release|x86.ActiveCfg = Release|Any CPU
		{B76DFCB9-F4E8-4CCC-952B-3456BEB33BAD}.Release|x86.Build.0 = Release|Any CPU
		{8FF4A3FA-3B9A-4222-A6AE-122EC7E178FA}.Debug|Any CPU.ActiveCfg = Debug|Any CPU
		{8FF4A3FA-3B9A-4222-A6AE-122EC7E178FA}.Debug|Any CPU.Build.0 = Debug|Any CPU
		{8FF4A3FA-3B9A-4222-A6AE-122EC7E178FA}.Debug|x64.ActiveCfg = Debug|Any CPU
		{8FF4A3FA-3B9A-4222-A6AE-122EC7E178FA}.Debug|x64.Build.0 = Debug|Any CPU
		{8FF4A3FA-3B9A-4222-A6AE-122EC7E178FA}.Debug|x86.ActiveCfg = Debug|Any CPU
		{8FF4A3FA-3B9A-4222-A6AE-122EC7E178FA}.Debug|x86.Build.0 = Debug|Any CPU
		{8FF4A3FA-3B9A-4222-A6AE-122EC7E178FA}.Release|Any CPU.ActiveCfg = Release|Any CPU
		{8FF4A3FA-3B9A-4222-A6AE-122EC7E178FA}.Release|Any CPU.Build.0 = Release|Any CPU
		{8FF4A3FA-3B9A-4222-A6AE-122EC7E178FA}.Release|x64.ActiveCfg = Release|Any CPU
		{8FF4A3FA-3B9A-4222-A6AE-122EC7E178FA}.Release|x64.Build.0 = Release|Any CPU
		{8FF4A3FA-3B9A-4222-A6AE-122EC7E178FA}.Release|x86.ActiveCfg = Release|Any CPU
		{8FF4A3FA-3B9A-4222-A6AE-122EC7E178FA}.Release|x86.Build.0 = Release|Any CPU
		{5E5A34CD-2465-45FA-A9F2-324C3FF5F59A}.Debug|Any CPU.ActiveCfg = Debug|Any CPU
		{5E5A34CD-2465-45FA-A9F2-324C3FF5F59A}.Debug|Any CPU.Build.0 = Debug|Any CPU
		{5E5A34CD-2465-45FA-A9F2-324C3FF5F59A}.Debug|x64.ActiveCfg = Debug|Any CPU
		{5E5A34CD-2465-45FA-A9F2-324C3FF5F59A}.Debug|x64.Build.0 = Debug|Any CPU
		{5E5A34CD-2465-45FA-A9F2-324C3FF5F59A}.Debug|x86.ActiveCfg = Debug|Any CPU
		{5E5A34CD-2465-45FA-A9F2-324C3FF5F59A}.Debug|x86.Build.0 = Debug|Any CPU
		{5E5A34CD-2465-45FA-A9F2-324C3FF5F59A}.Release|Any CPU.ActiveCfg = Release|Any CPU
		{5E5A34CD-2465-45FA-A9F2-324C3FF5F59A}.Release|Any CPU.Build.0 = Release|Any CPU
		{5E5A34CD-2465-45FA-A9F2-324C3FF5F59A}.Release|x64.ActiveCfg = Release|Any CPU
		{5E5A34CD-2465-45FA-A9F2-324C3FF5F59A}.Release|x64.Build.0 = Release|Any CPU
		{5E5A34CD-2465-45FA-A9F2-324C3FF5F59A}.Release|x86.ActiveCfg = Release|Any CPU
		{5E5A34CD-2465-45FA-A9F2-324C3FF5F59A}.Release|x86.Build.0 = Release|Any CPU
		{5C6E6F05-CE45-472B-9D76-62ACB66BB069}.Debug|Any CPU.ActiveCfg = Debug|Any CPU
		{5C6E6F05-CE45-472B-9D76-62ACB66BB069}.Debug|Any CPU.Build.0 = Debug|Any CPU
		{5C6E6F05-CE45-472B-9D76-62ACB66BB069}.Debug|x64.ActiveCfg = Debug|Any CPU
		{5C6E6F05-CE45-472B-9D76-62ACB66BB069}.Debug|x64.Build.0 = Debug|Any CPU
		{5C6E6F05-CE45-472B-9D76-62ACB66BB069}.Debug|x86.ActiveCfg = Debug|Any CPU
		{5C6E6F05-CE45-472B-9D76-62ACB66BB069}.Debug|x86.Build.0 = Debug|Any CPU
		{5C6E6F05-CE45-472B-9D76-62ACB66BB069}.Release|Any CPU.ActiveCfg = Release|Any CPU
		{5C6E6F05-CE45-472B-9D76-62ACB66BB069}.Release|Any CPU.Build.0 = Release|Any CPU
		{5C6E6F05-CE45-472B-9D76-62ACB66BB069}.Release|x64.ActiveCfg = Release|Any CPU
		{5C6E6F05-CE45-472B-9D76-62ACB66BB069}.Release|x64.Build.0 = Release|Any CPU
		{5C6E6F05-CE45-472B-9D76-62ACB66BB069}.Release|x86.ActiveCfg = Release|Any CPU
		{5C6E6F05-CE45-472B-9D76-62ACB66BB069}.Release|x86.Build.0 = Release|Any CPU
		{D76FF160-A03F-4463-A93B-59B43147E05F}.Debug|Any CPU.ActiveCfg = Debug|Any CPU
		{D76FF160-A03F-4463-A93B-59B43147E05F}.Debug|Any CPU.Build.0 = Debug|Any CPU
		{D76FF160-A03F-4463-A93B-59B43147E05F}.Debug|x64.ActiveCfg = Debug|Any CPU
		{D76FF160-A03F-4463-A93B-59B43147E05F}.Debug|x64.Build.0 = Debug|Any CPU
		{D76FF160-A03F-4463-A93B-59B43147E05F}.Debug|x86.ActiveCfg = Debug|Any CPU
		{D76FF160-A03F-4463-A93B-59B43147E05F}.Debug|x86.Build.0 = Debug|Any CPU
		{D76FF160-A03F-4463-A93B-59B43147E05F}.Release|Any CPU.ActiveCfg = Release|Any CPU
		{D76FF160-A03F-4463-A93B-59B43147E05F}.Release|Any CPU.Build.0 = Release|Any CPU
		{D76FF160-A03F-4463-A93B-59B43147E05F}.Release|x64.ActiveCfg = Release|Any CPU
		{D76FF160-A03F-4463-A93B-59B43147E05F}.Release|x64.Build.0 = Release|Any CPU
		{D76FF160-A03F-4463-A93B-59B43147E05F}.Release|x86.ActiveCfg = Release|Any CPU
		{D76FF160-A03F-4463-A93B-59B43147E05F}.Release|x86.Build.0 = Release|Any CPU
		{8F4036E4-CA3D-477F-975B-F4F38307C2BE}.Debug|Any CPU.ActiveCfg = Debug|Any CPU
		{8F4036E4-CA3D-477F-975B-F4F38307C2BE}.Debug|Any CPU.Build.0 = Debug|Any CPU
		{8F4036E4-CA3D-477F-975B-F4F38307C2BE}.Debug|x64.ActiveCfg = Debug|Any CPU
		{8F4036E4-CA3D-477F-975B-F4F38307C2BE}.Debug|x64.Build.0 = Debug|Any CPU
		{8F4036E4-CA3D-477F-975B-F4F38307C2BE}.Debug|x86.ActiveCfg = Debug|Any CPU
		{8F4036E4-CA3D-477F-975B-F4F38307C2BE}.Debug|x86.Build.0 = Debug|Any CPU
		{8F4036E4-CA3D-477F-975B-F4F38307C2BE}.Release|Any CPU.ActiveCfg = Release|Any CPU
		{8F4036E4-CA3D-477F-975B-F4F38307C2BE}.Release|Any CPU.Build.0 = Release|Any CPU
		{8F4036E4-CA3D-477F-975B-F4F38307C2BE}.Release|x64.ActiveCfg = Release|Any CPU
		{8F4036E4-CA3D-477F-975B-F4F38307C2BE}.Release|x64.Build.0 = Release|Any CPU
		{8F4036E4-CA3D-477F-975B-F4F38307C2BE}.Release|x86.ActiveCfg = Release|Any CPU
		{8F4036E4-CA3D-477F-975B-F4F38307C2BE}.Release|x86.Build.0 = Release|Any CPU
		{0A93CB72-17AC-43D2-A153-D08DBEDE947A}.Debug|Any CPU.ActiveCfg = Debug|Any CPU
		{0A93CB72-17AC-43D2-A153-D08DBEDE947A}.Debug|Any CPU.Build.0 = Debug|Any CPU
		{0A93CB72-17AC-43D2-A153-D08DBEDE947A}.Debug|x64.ActiveCfg = Debug|Any CPU
		{0A93CB72-17AC-43D2-A153-D08DBEDE947A}.Debug|x64.Build.0 = Debug|Any CPU
		{0A93CB72-17AC-43D2-A153-D08DBEDE947A}.Debug|x86.ActiveCfg = Debug|Any CPU
		{0A93CB72-17AC-43D2-A153-D08DBEDE947A}.Debug|x86.Build.0 = Debug|Any CPU
		{0A93CB72-17AC-43D2-A153-D08DBEDE947A}.Release|Any CPU.ActiveCfg = Release|Any CPU
		{0A93CB72-17AC-43D2-A153-D08DBEDE947A}.Release|Any CPU.Build.0 = Release|Any CPU
		{0A93CB72-17AC-43D2-A153-D08DBEDE947A}.Release|x64.ActiveCfg = Release|Any CPU
		{0A93CB72-17AC-43D2-A153-D08DBEDE947A}.Release|x64.Build.0 = Release|Any CPU
		{0A93CB72-17AC-43D2-A153-D08DBEDE947A}.Release|x86.ActiveCfg = Release|Any CPU
		{0A93CB72-17AC-43D2-A153-D08DBEDE947A}.Release|x86.Build.0 = Release|Any CPU
		{61327AA0-E6A6-4775-A4AF-471DA48E4DFC}.Debug|Any CPU.ActiveCfg = Debug|Any CPU
		{61327AA0-E6A6-4775-A4AF-471DA48E4DFC}.Debug|Any CPU.Build.0 = Debug|Any CPU
		{61327AA0-E6A6-4775-A4AF-471DA48E4DFC}.Debug|x64.ActiveCfg = Debug|Any CPU
		{61327AA0-E6A6-4775-A4AF-471DA48E4DFC}.Debug|x64.Build.0 = Debug|Any CPU
		{61327AA0-E6A6-4775-A4AF-471DA48E4DFC}.Debug|x86.ActiveCfg = Debug|Any CPU
		{61327AA0-E6A6-4775-A4AF-471DA48E4DFC}.Debug|x86.Build.0 = Debug|Any CPU
		{61327AA0-E6A6-4775-A4AF-471DA48E4DFC}.Release|Any CPU.ActiveCfg = Release|Any CPU
		{61327AA0-E6A6-4775-A4AF-471DA48E4DFC}.Release|Any CPU.Build.0 = Release|Any CPU
		{61327AA0-E6A6-4775-A4AF-471DA48E4DFC}.Release|x64.ActiveCfg = Release|Any CPU
		{61327AA0-E6A6-4775-A4AF-471DA48E4DFC}.Release|x64.Build.0 = Release|Any CPU
		{61327AA0-E6A6-4775-A4AF-471DA48E4DFC}.Release|x86.ActiveCfg = Release|Any CPU
		{61327AA0-E6A6-4775-A4AF-471DA48E4DFC}.Release|x86.Build.0 = Release|Any CPU
		{341FB258-5FD4-4366-9819-971F00E23A95}.Debug|Any CPU.ActiveCfg = Debug|Any CPU
		{341FB258-5FD4-4366-9819-971F00E23A95}.Debug|Any CPU.Build.0 = Debug|Any CPU
		{341FB258-5FD4-4366-9819-971F00E23A95}.Debug|x64.ActiveCfg = Debug|Any CPU
		{341FB258-5FD4-4366-9819-971F00E23A95}.Debug|x64.Build.0 = Debug|Any CPU
		{341FB258-5FD4-4366-9819-971F00E23A95}.Debug|x86.ActiveCfg = Debug|Any CPU
		{341FB258-5FD4-4366-9819-971F00E23A95}.Debug|x86.Build.0 = Debug|Any CPU
		{341FB258-5FD4-4366-9819-971F00E23A95}.Release|Any CPU.ActiveCfg = Release|Any CPU
		{341FB258-5FD4-4366-9819-971F00E23A95}.Release|Any CPU.Build.0 = Release|Any CPU
		{341FB258-5FD4-4366-9819-971F00E23A95}.Release|x64.ActiveCfg = Release|Any CPU
		{341FB258-5FD4-4366-9819-971F00E23A95}.Release|x64.Build.0 = Release|Any CPU
		{341FB258-5FD4-4366-9819-971F00E23A95}.Release|x86.ActiveCfg = Release|Any CPU
		{341FB258-5FD4-4366-9819-971F00E23A95}.Release|x86.Build.0 = Release|Any CPU
		{B03DDC9E-033C-4AC9-AC3B-742D3AE7D558}.Debug|Any CPU.ActiveCfg = Debug|Any CPU
		{B03DDC9E-033C-4AC9-AC3B-742D3AE7D558}.Debug|Any CPU.Build.0 = Debug|Any CPU
		{B03DDC9E-033C-4AC9-AC3B-742D3AE7D558}.Debug|x64.ActiveCfg = Debug|Any CPU
		{B03DDC9E-033C-4AC9-AC3B-742D3AE7D558}.Debug|x64.Build.0 = Debug|Any CPU
		{B03DDC9E-033C-4AC9-AC3B-742D3AE7D558}.Debug|x86.ActiveCfg = Debug|Any CPU
		{B03DDC9E-033C-4AC9-AC3B-742D3AE7D558}.Debug|x86.Build.0 = Debug|Any CPU
		{B03DDC9E-033C-4AC9-AC3B-742D3AE7D558}.Release|Any CPU.ActiveCfg = Release|Any CPU
		{B03DDC9E-033C-4AC9-AC3B-742D3AE7D558}.Release|Any CPU.Build.0 = Release|Any CPU
		{B03DDC9E-033C-4AC9-AC3B-742D3AE7D558}.Release|x64.ActiveCfg = Release|Any CPU
		{B03DDC9E-033C-4AC9-AC3B-742D3AE7D558}.Release|x64.Build.0 = Release|Any CPU
		{B03DDC9E-033C-4AC9-AC3B-742D3AE7D558}.Release|x86.ActiveCfg = Release|Any CPU
		{B03DDC9E-033C-4AC9-AC3B-742D3AE7D558}.Release|x86.Build.0 = Release|Any CPU
		{FB0EE1FA-AF23-4C8F-AF4E-5B7F1C2D3F54}.Debug|Any CPU.ActiveCfg = Debug|Any CPU
		{FB0EE1FA-AF23-4C8F-AF4E-5B7F1C2D3F54}.Debug|Any CPU.Build.0 = Debug|Any CPU
		{FB0EE1FA-AF23-4C8F-AF4E-5B7F1C2D3F54}.Debug|x64.ActiveCfg = Debug|Any CPU
		{FB0EE1FA-AF23-4C8F-AF4E-5B7F1C2D3F54}.Debug|x64.Build.0 = Debug|Any CPU
		{FB0EE1FA-AF23-4C8F-AF4E-5B7F1C2D3F54}.Debug|x86.ActiveCfg = Debug|Any CPU
		{FB0EE1FA-AF23-4C8F-AF4E-5B7F1C2D3F54}.Debug|x86.Build.0 = Debug|Any CPU
		{FB0EE1FA-AF23-4C8F-AF4E-5B7F1C2D3F54}.Release|Any CPU.ActiveCfg = Release|Any CPU
		{FB0EE1FA-AF23-4C8F-AF4E-5B7F1C2D3F54}.Release|Any CPU.Build.0 = Release|Any CPU
		{FB0EE1FA-AF23-4C8F-AF4E-5B7F1C2D3F54}.Release|x64.ActiveCfg = Release|Any CPU
		{FB0EE1FA-AF23-4C8F-AF4E-5B7F1C2D3F54}.Release|x64.Build.0 = Release|Any CPU
		{FB0EE1FA-AF23-4C8F-AF4E-5B7F1C2D3F54}.Release|x86.ActiveCfg = Release|Any CPU
		{FB0EE1FA-AF23-4C8F-AF4E-5B7F1C2D3F54}.Release|x86.Build.0 = Release|Any CPU
		{5B3D330A-24D4-4B97-B140-D9D68D267E11}.Debug|Any CPU.ActiveCfg = Debug|Any CPU
		{5B3D330A-24D4-4B97-B140-D9D68D267E11}.Debug|Any CPU.Build.0 = Debug|Any CPU
		{5B3D330A-24D4-4B97-B140-D9D68D267E11}.Debug|x64.ActiveCfg = Debug|Any CPU
		{5B3D330A-24D4-4B97-B140-D9D68D267E11}.Debug|x64.Build.0 = Debug|Any CPU
		{5B3D330A-24D4-4B97-B140-D9D68D267E11}.Debug|x86.ActiveCfg = Debug|Any CPU
		{5B3D330A-24D4-4B97-B140-D9D68D267E11}.Debug|x86.Build.0 = Debug|Any CPU
		{5B3D330A-24D4-4B97-B140-D9D68D267E11}.Release|Any CPU.ActiveCfg = Release|Any CPU
		{5B3D330A-24D4-4B97-B140-D9D68D267E11}.Release|Any CPU.Build.0 = Release|Any CPU
		{5B3D330A-24D4-4B97-B140-D9D68D267E11}.Release|x64.ActiveCfg = Release|Any CPU
		{5B3D330A-24D4-4B97-B140-D9D68D267E11}.Release|x64.Build.0 = Release|Any CPU
		{5B3D330A-24D4-4B97-B140-D9D68D267E11}.Release|x86.ActiveCfg = Release|Any CPU
		{5B3D330A-24D4-4B97-B140-D9D68D267E11}.Release|x86.Build.0 = Release|Any CPU
		{08A6A651-868C-42D4-91E4-C057A23E0D49}.Debug|Any CPU.ActiveCfg = Debug|Any CPU
		{08A6A651-868C-42D4-91E4-C057A23E0D49}.Debug|Any CPU.Build.0 = Debug|Any CPU
		{08A6A651-868C-42D4-91E4-C057A23E0D49}.Debug|x64.ActiveCfg = Debug|Any CPU
		{08A6A651-868C-42D4-91E4-C057A23E0D49}.Debug|x64.Build.0 = Debug|Any CPU
		{08A6A651-868C-42D4-91E4-C057A23E0D49}.Debug|x86.ActiveCfg = Debug|Any CPU
		{08A6A651-868C-42D4-91E4-C057A23E0D49}.Debug|x86.Build.0 = Debug|Any CPU
		{08A6A651-868C-42D4-91E4-C057A23E0D49}.Release|Any CPU.ActiveCfg = Release|Any CPU
		{08A6A651-868C-42D4-91E4-C057A23E0D49}.Release|Any CPU.Build.0 = Release|Any CPU
		{08A6A651-868C-42D4-91E4-C057A23E0D49}.Release|x64.ActiveCfg = Release|Any CPU
		{08A6A651-868C-42D4-91E4-C057A23E0D49}.Release|x64.Build.0 = Release|Any CPU
		{08A6A651-868C-42D4-91E4-C057A23E0D49}.Release|x86.ActiveCfg = Release|Any CPU
		{08A6A651-868C-42D4-91E4-C057A23E0D49}.Release|x86.Build.0 = Release|Any CPU
		{B2927892-5E2E-4FB7-8CE1-D742899A4D15}.Debug|Any CPU.ActiveCfg = Debug|Any CPU
		{B2927892-5E2E-4FB7-8CE1-D742899A4D15}.Debug|Any CPU.Build.0 = Debug|Any CPU
		{B2927892-5E2E-4FB7-8CE1-D742899A4D15}.Debug|x64.ActiveCfg = Debug|Any CPU
		{B2927892-5E2E-4FB7-8CE1-D742899A4D15}.Debug|x64.Build.0 = Debug|Any CPU
		{B2927892-5E2E-4FB7-8CE1-D742899A4D15}.Debug|x86.ActiveCfg = Debug|Any CPU
		{B2927892-5E2E-4FB7-8CE1-D742899A4D15}.Debug|x86.Build.0 = Debug|Any CPU
		{B2927892-5E2E-4FB7-8CE1-D742899A4D15}.Release|Any CPU.ActiveCfg = Release|Any CPU
		{B2927892-5E2E-4FB7-8CE1-D742899A4D15}.Release|Any CPU.Build.0 = Release|Any CPU
		{B2927892-5E2E-4FB7-8CE1-D742899A4D15}.Release|x64.ActiveCfg = Release|Any CPU
		{B2927892-5E2E-4FB7-8CE1-D742899A4D15}.Release|x64.Build.0 = Release|Any CPU
		{B2927892-5E2E-4FB7-8CE1-D742899A4D15}.Release|x86.ActiveCfg = Release|Any CPU
		{B2927892-5E2E-4FB7-8CE1-D742899A4D15}.Release|x86.Build.0 = Release|Any CPU
		{0C5BC82E-F77B-4B29-AAB4-DE5CCD0FFA8D}.Debug|Any CPU.ActiveCfg = Debug|Any CPU
		{0C5BC82E-F77B-4B29-AAB4-DE5CCD0FFA8D}.Debug|Any CPU.Build.0 = Debug|Any CPU
		{0C5BC82E-F77B-4B29-AAB4-DE5CCD0FFA8D}.Debug|x64.ActiveCfg = Debug|Any CPU
		{0C5BC82E-F77B-4B29-AAB4-DE5CCD0FFA8D}.Debug|x64.Build.0 = Debug|Any CPU
		{0C5BC82E-F77B-4B29-AAB4-DE5CCD0FFA8D}.Debug|x86.ActiveCfg = Debug|Any CPU
		{0C5BC82E-F77B-4B29-AAB4-DE5CCD0FFA8D}.Debug|x86.Build.0 = Debug|Any CPU
		{0C5BC82E-F77B-4B29-AAB4-DE5CCD0FFA8D}.Release|Any CPU.ActiveCfg = Release|Any CPU
		{0C5BC82E-F77B-4B29-AAB4-DE5CCD0FFA8D}.Release|Any CPU.Build.0 = Release|Any CPU
		{0C5BC82E-F77B-4B29-AAB4-DE5CCD0FFA8D}.Release|x64.ActiveCfg = Release|Any CPU
		{0C5BC82E-F77B-4B29-AAB4-DE5CCD0FFA8D}.Release|x64.Build.0 = Release|Any CPU
		{0C5BC82E-F77B-4B29-AAB4-DE5CCD0FFA8D}.Release|x86.ActiveCfg = Release|Any CPU
		{0C5BC82E-F77B-4B29-AAB4-DE5CCD0FFA8D}.Release|x86.Build.0 = Release|Any CPU
		{C0EF0BAC-2766-4D7C-80C6-6993F243F6CC}.Debug|Any CPU.ActiveCfg = Debug|Any CPU
		{C0EF0BAC-2766-4D7C-80C6-6993F243F6CC}.Debug|Any CPU.Build.0 = Debug|Any CPU
		{C0EF0BAC-2766-4D7C-80C6-6993F243F6CC}.Debug|x64.ActiveCfg = Debug|Any CPU
		{C0EF0BAC-2766-4D7C-80C6-6993F243F6CC}.Debug|x64.Build.0 = Debug|Any CPU
		{C0EF0BAC-2766-4D7C-80C6-6993F243F6CC}.Debug|x86.ActiveCfg = Debug|Any CPU
		{C0EF0BAC-2766-4D7C-80C6-6993F243F6CC}.Debug|x86.Build.0 = Debug|Any CPU
		{C0EF0BAC-2766-4D7C-80C6-6993F243F6CC}.Release|Any CPU.ActiveCfg = Release|Any CPU
		{C0EF0BAC-2766-4D7C-80C6-6993F243F6CC}.Release|Any CPU.Build.0 = Release|Any CPU
		{C0EF0BAC-2766-4D7C-80C6-6993F243F6CC}.Release|x64.ActiveCfg = Release|Any CPU
		{C0EF0BAC-2766-4D7C-80C6-6993F243F6CC}.Release|x64.Build.0 = Release|Any CPU
		{C0EF0BAC-2766-4D7C-80C6-6993F243F6CC}.Release|x86.ActiveCfg = Release|Any CPU
		{C0EF0BAC-2766-4D7C-80C6-6993F243F6CC}.Release|x86.Build.0 = Release|Any CPU
		{1CA2A208-4236-47DF-80B5-C40E6A6E7A91}.Debug|Any CPU.ActiveCfg = Debug|Any CPU
		{1CA2A208-4236-47DF-80B5-C40E6A6E7A91}.Debug|Any CPU.Build.0 = Debug|Any CPU
		{1CA2A208-4236-47DF-80B5-C40E6A6E7A91}.Debug|x64.ActiveCfg = Debug|Any CPU
		{1CA2A208-4236-47DF-80B5-C40E6A6E7A91}.Debug|x64.Build.0 = Debug|Any CPU
		{1CA2A208-4236-47DF-80B5-C40E6A6E7A91}.Debug|x86.ActiveCfg = Debug|Any CPU
		{1CA2A208-4236-47DF-80B5-C40E6A6E7A91}.Debug|x86.Build.0 = Debug|Any CPU
		{1CA2A208-4236-47DF-80B5-C40E6A6E7A91}.Release|Any CPU.ActiveCfg = Release|Any CPU
		{1CA2A208-4236-47DF-80B5-C40E6A6E7A91}.Release|Any CPU.Build.0 = Release|Any CPU
		{1CA2A208-4236-47DF-80B5-C40E6A6E7A91}.Release|x64.ActiveCfg = Release|Any CPU
		{1CA2A208-4236-47DF-80B5-C40E6A6E7A91}.Release|x64.Build.0 = Release|Any CPU
		{1CA2A208-4236-47DF-80B5-C40E6A6E7A91}.Release|x86.ActiveCfg = Release|Any CPU
		{1CA2A208-4236-47DF-80B5-C40E6A6E7A91}.Release|x86.Build.0 = Release|Any CPU
		{9F7EEC1A-848B-4347-8F9A-A86BBD22A780}.Debug|Any CPU.ActiveCfg = Debug|Any CPU
		{9F7EEC1A-848B-4347-8F9A-A86BBD22A780}.Debug|Any CPU.Build.0 = Debug|Any CPU
		{9F7EEC1A-848B-4347-8F9A-A86BBD22A780}.Debug|x64.ActiveCfg = Debug|Any CPU
		{9F7EEC1A-848B-4347-8F9A-A86BBD22A780}.Debug|x64.Build.0 = Debug|Any CPU
		{9F7EEC1A-848B-4347-8F9A-A86BBD22A780}.Debug|x86.ActiveCfg = Debug|Any CPU
		{9F7EEC1A-848B-4347-8F9A-A86BBD22A780}.Debug|x86.Build.0 = Debug|Any CPU
		{9F7EEC1A-848B-4347-8F9A-A86BBD22A780}.Release|Any CPU.ActiveCfg = Release|Any CPU
		{9F7EEC1A-848B-4347-8F9A-A86BBD22A780}.Release|Any CPU.Build.0 = Release|Any CPU
		{9F7EEC1A-848B-4347-8F9A-A86BBD22A780}.Release|x64.ActiveCfg = Release|Any CPU
		{9F7EEC1A-848B-4347-8F9A-A86BBD22A780}.Release|x64.Build.0 = Release|Any CPU
		{9F7EEC1A-848B-4347-8F9A-A86BBD22A780}.Release|x86.ActiveCfg = Release|Any CPU
		{9F7EEC1A-848B-4347-8F9A-A86BBD22A780}.Release|x86.Build.0 = Release|Any CPU
		{D95B3DA8-9FCC-4BE1-803A-79FCF3003E6A}.Debug|Any CPU.ActiveCfg = Debug|Any CPU
		{D95B3DA8-9FCC-4BE1-803A-79FCF3003E6A}.Debug|Any CPU.Build.0 = Debug|Any CPU
		{D95B3DA8-9FCC-4BE1-803A-79FCF3003E6A}.Debug|x64.ActiveCfg = Debug|Any CPU
		{D95B3DA8-9FCC-4BE1-803A-79FCF3003E6A}.Debug|x64.Build.0 = Debug|Any CPU
		{D95B3DA8-9FCC-4BE1-803A-79FCF3003E6A}.Debug|x86.ActiveCfg = Debug|Any CPU
		{D95B3DA8-9FCC-4BE1-803A-79FCF3003E6A}.Debug|x86.Build.0 = Debug|Any CPU
		{D95B3DA8-9FCC-4BE1-803A-79FCF3003E6A}.Release|Any CPU.ActiveCfg = Release|Any CPU
		{D95B3DA8-9FCC-4BE1-803A-79FCF3003E6A}.Release|Any CPU.Build.0 = Release|Any CPU
		{D95B3DA8-9FCC-4BE1-803A-79FCF3003E6A}.Release|x64.ActiveCfg = Release|Any CPU
		{D95B3DA8-9FCC-4BE1-803A-79FCF3003E6A}.Release|x64.Build.0 = Release|Any CPU
		{D95B3DA8-9FCC-4BE1-803A-79FCF3003E6A}.Release|x86.ActiveCfg = Release|Any CPU
		{D95B3DA8-9FCC-4BE1-803A-79FCF3003E6A}.Release|x86.Build.0 = Release|Any CPU
		{CB943BC3-CF9C-4DC6-BCB3-04BD86DD7A6E}.Debug|Any CPU.ActiveCfg = Debug|Any CPU
		{CB943BC3-CF9C-4DC6-BCB3-04BD86DD7A6E}.Debug|Any CPU.Build.0 = Debug|Any CPU
		{CB943BC3-CF9C-4DC6-BCB3-04BD86DD7A6E}.Debug|x64.ActiveCfg = Debug|Any CPU
		{CB943BC3-CF9C-4DC6-BCB3-04BD86DD7A6E}.Debug|x64.Build.0 = Debug|Any CPU
		{CB943BC3-CF9C-4DC6-BCB3-04BD86DD7A6E}.Debug|x86.ActiveCfg = Debug|Any CPU
		{CB943BC3-CF9C-4DC6-BCB3-04BD86DD7A6E}.Debug|x86.Build.0 = Debug|Any CPU
		{CB943BC3-CF9C-4DC6-BCB3-04BD86DD7A6E}.Release|Any CPU.ActiveCfg = Release|Any CPU
		{CB943BC3-CF9C-4DC6-BCB3-04BD86DD7A6E}.Release|Any CPU.Build.0 = Release|Any CPU
		{CB943BC3-CF9C-4DC6-BCB3-04BD86DD7A6E}.Release|x64.ActiveCfg = Release|Any CPU
		{CB943BC3-CF9C-4DC6-BCB3-04BD86DD7A6E}.Release|x64.Build.0 = Release|Any CPU
		{CB943BC3-CF9C-4DC6-BCB3-04BD86DD7A6E}.Release|x86.ActiveCfg = Release|Any CPU
		{CB943BC3-CF9C-4DC6-BCB3-04BD86DD7A6E}.Release|x86.Build.0 = Release|Any CPU
		{E9F27ADB-B1FE-4BB0-9995-F81DD50B96E7}.Debug|Any CPU.ActiveCfg = Debug|Any CPU
		{E9F27ADB-B1FE-4BB0-9995-F81DD50B96E7}.Debug|Any CPU.Build.0 = Debug|Any CPU
		{E9F27ADB-B1FE-4BB0-9995-F81DD50B96E7}.Debug|x64.ActiveCfg = Debug|Any CPU
		{E9F27ADB-B1FE-4BB0-9995-F81DD50B96E7}.Debug|x64.Build.0 = Debug|Any CPU
		{E9F27ADB-B1FE-4BB0-9995-F81DD50B96E7}.Debug|x86.ActiveCfg = Debug|Any CPU
		{E9F27ADB-B1FE-4BB0-9995-F81DD50B96E7}.Debug|x86.Build.0 = Debug|Any CPU
		{E9F27ADB-B1FE-4BB0-9995-F81DD50B96E7}.Release|Any CPU.ActiveCfg = Release|Any CPU
		{E9F27ADB-B1FE-4BB0-9995-F81DD50B96E7}.Release|Any CPU.Build.0 = Release|Any CPU
		{E9F27ADB-B1FE-4BB0-9995-F81DD50B96E7}.Release|x64.ActiveCfg = Release|Any CPU
		{E9F27ADB-B1FE-4BB0-9995-F81DD50B96E7}.Release|x64.Build.0 = Release|Any CPU
		{E9F27ADB-B1FE-4BB0-9995-F81DD50B96E7}.Release|x86.ActiveCfg = Release|Any CPU
		{E9F27ADB-B1FE-4BB0-9995-F81DD50B96E7}.Release|x86.Build.0 = Release|Any CPU
		{A1B63585-6310-43AF-895F-BF47F8344DE3}.Debug|Any CPU.ActiveCfg = Debug|Any CPU
		{A1B63585-6310-43AF-895F-BF47F8344DE3}.Debug|Any CPU.Build.0 = Debug|Any CPU
		{A1B63585-6310-43AF-895F-BF47F8344DE3}.Debug|x64.ActiveCfg = Debug|Any CPU
		{A1B63585-6310-43AF-895F-BF47F8344DE3}.Debug|x64.Build.0 = Debug|Any CPU
		{A1B63585-6310-43AF-895F-BF47F8344DE3}.Debug|x86.ActiveCfg = Debug|Any CPU
		{A1B63585-6310-43AF-895F-BF47F8344DE3}.Debug|x86.Build.0 = Debug|Any CPU
		{A1B63585-6310-43AF-895F-BF47F8344DE3}.Release|Any CPU.ActiveCfg = Release|Any CPU
		{A1B63585-6310-43AF-895F-BF47F8344DE3}.Release|Any CPU.Build.0 = Release|Any CPU
		{A1B63585-6310-43AF-895F-BF47F8344DE3}.Release|x64.ActiveCfg = Release|Any CPU
		{A1B63585-6310-43AF-895F-BF47F8344DE3}.Release|x64.Build.0 = Release|Any CPU
		{A1B63585-6310-43AF-895F-BF47F8344DE3}.Release|x86.ActiveCfg = Release|Any CPU
		{A1B63585-6310-43AF-895F-BF47F8344DE3}.Release|x86.Build.0 = Release|Any CPU
		{761AE8E7-9BC3-4D59-8AEA-EECC9DBD3664}.Debug|Any CPU.ActiveCfg = Debug|Any CPU
		{761AE8E7-9BC3-4D59-8AEA-EECC9DBD3664}.Debug|Any CPU.Build.0 = Debug|Any CPU
		{761AE8E7-9BC3-4D59-8AEA-EECC9DBD3664}.Debug|x64.ActiveCfg = Debug|Any CPU
		{761AE8E7-9BC3-4D59-8AEA-EECC9DBD3664}.Debug|x64.Build.0 = Debug|Any CPU
		{761AE8E7-9BC3-4D59-8AEA-EECC9DBD3664}.Debug|x86.ActiveCfg = Debug|Any CPU
		{761AE8E7-9BC3-4D59-8AEA-EECC9DBD3664}.Debug|x86.Build.0 = Debug|Any CPU
		{761AE8E7-9BC3-4D59-8AEA-EECC9DBD3664}.Release|Any CPU.ActiveCfg = Release|Any CPU
		{761AE8E7-9BC3-4D59-8AEA-EECC9DBD3664}.Release|Any CPU.Build.0 = Release|Any CPU
		{761AE8E7-9BC3-4D59-8AEA-EECC9DBD3664}.Release|x64.ActiveCfg = Release|Any CPU
		{761AE8E7-9BC3-4D59-8AEA-EECC9DBD3664}.Release|x64.Build.0 = Release|Any CPU
		{761AE8E7-9BC3-4D59-8AEA-EECC9DBD3664}.Release|x86.ActiveCfg = Release|Any CPU
		{761AE8E7-9BC3-4D59-8AEA-EECC9DBD3664}.Release|x86.Build.0 = Release|Any CPU
		{1B3E312B-9689-44F8-85E3-27626D1FA177}.Debug|Any CPU.ActiveCfg = Debug|Any CPU
		{1B3E312B-9689-44F8-85E3-27626D1FA177}.Debug|Any CPU.Build.0 = Debug|Any CPU
		{1B3E312B-9689-44F8-85E3-27626D1FA177}.Debug|x64.ActiveCfg = Debug|Any CPU
		{1B3E312B-9689-44F8-85E3-27626D1FA177}.Debug|x64.Build.0 = Debug|Any CPU
		{1B3E312B-9689-44F8-85E3-27626D1FA177}.Debug|x86.ActiveCfg = Debug|Any CPU
		{1B3E312B-9689-44F8-85E3-27626D1FA177}.Debug|x86.Build.0 = Debug|Any CPU
		{1B3E312B-9689-44F8-85E3-27626D1FA177}.Release|Any CPU.ActiveCfg = Release|Any CPU
		{1B3E312B-9689-44F8-85E3-27626D1FA177}.Release|Any CPU.Build.0 = Release|Any CPU
		{1B3E312B-9689-44F8-85E3-27626D1FA177}.Release|x64.ActiveCfg = Release|Any CPU
		{1B3E312B-9689-44F8-85E3-27626D1FA177}.Release|x64.Build.0 = Release|Any CPU
		{1B3E312B-9689-44F8-85E3-27626D1FA177}.Release|x86.ActiveCfg = Release|Any CPU
		{1B3E312B-9689-44F8-85E3-27626D1FA177}.Release|x86.Build.0 = Release|Any CPU
		{1338B7BC-C8E1-4322-B32E-2E0C84D86138}.Debug|Any CPU.ActiveCfg = Debug|Any CPU
		{1338B7BC-C8E1-4322-B32E-2E0C84D86138}.Debug|Any CPU.Build.0 = Debug|Any CPU
		{1338B7BC-C8E1-4322-B32E-2E0C84D86138}.Debug|x64.ActiveCfg = Debug|Any CPU
		{1338B7BC-C8E1-4322-B32E-2E0C84D86138}.Debug|x64.Build.0 = Debug|Any CPU
		{1338B7BC-C8E1-4322-B32E-2E0C84D86138}.Debug|x86.ActiveCfg = Debug|Any CPU
		{1338B7BC-C8E1-4322-B32E-2E0C84D86138}.Debug|x86.Build.0 = Debug|Any CPU
		{1338B7BC-C8E1-4322-B32E-2E0C84D86138}.Release|Any CPU.ActiveCfg = Release|Any CPU
		{1338B7BC-C8E1-4322-B32E-2E0C84D86138}.Release|Any CPU.Build.0 = Release|Any CPU
		{1338B7BC-C8E1-4322-B32E-2E0C84D86138}.Release|x64.ActiveCfg = Release|Any CPU
		{1338B7BC-C8E1-4322-B32E-2E0C84D86138}.Release|x64.Build.0 = Release|Any CPU
		{1338B7BC-C8E1-4322-B32E-2E0C84D86138}.Release|x86.ActiveCfg = Release|Any CPU
		{1338B7BC-C8E1-4322-B32E-2E0C84D86138}.Release|x86.Build.0 = Release|Any CPU
		{DFEB5005-8591-4C7F-9BA1-0E17E824EA7E}.Debug|Any CPU.ActiveCfg = Debug|Any CPU
		{DFEB5005-8591-4C7F-9BA1-0E17E824EA7E}.Debug|Any CPU.Build.0 = Debug|Any CPU
		{DFEB5005-8591-4C7F-9BA1-0E17E824EA7E}.Debug|x64.ActiveCfg = Debug|Any CPU
		{DFEB5005-8591-4C7F-9BA1-0E17E824EA7E}.Debug|x64.Build.0 = Debug|Any CPU
		{DFEB5005-8591-4C7F-9BA1-0E17E824EA7E}.Debug|x86.ActiveCfg = Debug|Any CPU
		{DFEB5005-8591-4C7F-9BA1-0E17E824EA7E}.Debug|x86.Build.0 = Debug|Any CPU
		{DFEB5005-8591-4C7F-9BA1-0E17E824EA7E}.Release|Any CPU.ActiveCfg = Release|Any CPU
		{DFEB5005-8591-4C7F-9BA1-0E17E824EA7E}.Release|Any CPU.Build.0 = Release|Any CPU
		{DFEB5005-8591-4C7F-9BA1-0E17E824EA7E}.Release|x64.ActiveCfg = Release|Any CPU
		{DFEB5005-8591-4C7F-9BA1-0E17E824EA7E}.Release|x64.Build.0 = Release|Any CPU
		{DFEB5005-8591-4C7F-9BA1-0E17E824EA7E}.Release|x86.ActiveCfg = Release|Any CPU
		{DFEB5005-8591-4C7F-9BA1-0E17E824EA7E}.Release|x86.Build.0 = Release|Any CPU
		{BE177642-4E95-4F46-A34A-99D7C33985F6}.Debug|Any CPU.ActiveCfg = Debug|Any CPU
		{BE177642-4E95-4F46-A34A-99D7C33985F6}.Debug|Any CPU.Build.0 = Debug|Any CPU
		{BE177642-4E95-4F46-A34A-99D7C33985F6}.Debug|x64.ActiveCfg = Debug|Any CPU
		{BE177642-4E95-4F46-A34A-99D7C33985F6}.Debug|x64.Build.0 = Debug|Any CPU
		{BE177642-4E95-4F46-A34A-99D7C33985F6}.Debug|x86.ActiveCfg = Debug|Any CPU
		{BE177642-4E95-4F46-A34A-99D7C33985F6}.Debug|x86.Build.0 = Debug|Any CPU
		{BE177642-4E95-4F46-A34A-99D7C33985F6}.Release|Any CPU.ActiveCfg = Release|Any CPU
		{BE177642-4E95-4F46-A34A-99D7C33985F6}.Release|Any CPU.Build.0 = Release|Any CPU
		{BE177642-4E95-4F46-A34A-99D7C33985F6}.Release|x64.ActiveCfg = Release|Any CPU
		{BE177642-4E95-4F46-A34A-99D7C33985F6}.Release|x64.Build.0 = Release|Any CPU
		{BE177642-4E95-4F46-A34A-99D7C33985F6}.Release|x86.ActiveCfg = Release|Any CPU
		{BE177642-4E95-4F46-A34A-99D7C33985F6}.Release|x86.Build.0 = Release|Any CPU
		{BEF8B549-9A0E-4695-B65F-CEAD07B75EB6}.Debug|Any CPU.ActiveCfg = Debug|Any CPU
		{BEF8B549-9A0E-4695-B65F-CEAD07B75EB6}.Debug|Any CPU.Build.0 = Debug|Any CPU
		{BEF8B549-9A0E-4695-B65F-CEAD07B75EB6}.Debug|x64.ActiveCfg = Debug|Any CPU
		{BEF8B549-9A0E-4695-B65F-CEAD07B75EB6}.Debug|x64.Build.0 = Debug|Any CPU
		{BEF8B549-9A0E-4695-B65F-CEAD07B75EB6}.Debug|x86.ActiveCfg = Debug|Any CPU
		{BEF8B549-9A0E-4695-B65F-CEAD07B75EB6}.Debug|x86.Build.0 = Debug|Any CPU
		{BEF8B549-9A0E-4695-B65F-CEAD07B75EB6}.Release|Any CPU.ActiveCfg = Release|Any CPU
		{BEF8B549-9A0E-4695-B65F-CEAD07B75EB6}.Release|Any CPU.Build.0 = Release|Any CPU
		{BEF8B549-9A0E-4695-B65F-CEAD07B75EB6}.Release|x64.ActiveCfg = Release|Any CPU
		{BEF8B549-9A0E-4695-B65F-CEAD07B75EB6}.Release|x64.Build.0 = Release|Any CPU
		{BEF8B549-9A0E-4695-B65F-CEAD07B75EB6}.Release|x86.ActiveCfg = Release|Any CPU
		{BEF8B549-9A0E-4695-B65F-CEAD07B75EB6}.Release|x86.Build.0 = Release|Any CPU
		{E7D2FA18-C929-478E-B5DB-644B30644041}.Debug|Any CPU.ActiveCfg = Debug|Any CPU
		{E7D2FA18-C929-478E-B5DB-644B30644041}.Debug|Any CPU.Build.0 = Debug|Any CPU
		{E7D2FA18-C929-478E-B5DB-644B30644041}.Debug|x64.ActiveCfg = Debug|Any CPU
		{E7D2FA18-C929-478E-B5DB-644B30644041}.Debug|x64.Build.0 = Debug|Any CPU
		{E7D2FA18-C929-478E-B5DB-644B30644041}.Debug|x86.ActiveCfg = Debug|Any CPU
		{E7D2FA18-C929-478E-B5DB-644B30644041}.Debug|x86.Build.0 = Debug|Any CPU
		{E7D2FA18-C929-478E-B5DB-644B30644041}.Release|Any CPU.ActiveCfg = Release|Any CPU
		{E7D2FA18-C929-478E-B5DB-644B30644041}.Release|Any CPU.Build.0 = Release|Any CPU
		{E7D2FA18-C929-478E-B5DB-644B30644041}.Release|x64.ActiveCfg = Release|Any CPU
		{E7D2FA18-C929-478E-B5DB-644B30644041}.Release|x64.Build.0 = Release|Any CPU
		{E7D2FA18-C929-478E-B5DB-644B30644041}.Release|x86.ActiveCfg = Release|Any CPU
		{E7D2FA18-C929-478E-B5DB-644B30644041}.Release|x86.Build.0 = Release|Any CPU
		{1EEA9861-20C8-4A42-A09B-F6BFF7292B76}.Debug|Any CPU.ActiveCfg = Debug|Any CPU
		{1EEA9861-20C8-4A42-A09B-F6BFF7292B76}.Debug|Any CPU.Build.0 = Debug|Any CPU
		{1EEA9861-20C8-4A42-A09B-F6BFF7292B76}.Debug|x64.ActiveCfg = Debug|Any CPU
		{1EEA9861-20C8-4A42-A09B-F6BFF7292B76}.Debug|x64.Build.0 = Debug|Any CPU
		{1EEA9861-20C8-4A42-A09B-F6BFF7292B76}.Debug|x86.ActiveCfg = Debug|Any CPU
		{1EEA9861-20C8-4A42-A09B-F6BFF7292B76}.Debug|x86.Build.0 = Debug|Any CPU
		{1EEA9861-20C8-4A42-A09B-F6BFF7292B76}.Release|Any CPU.ActiveCfg = Release|Any CPU
		{1EEA9861-20C8-4A42-A09B-F6BFF7292B76}.Release|Any CPU.Build.0 = Release|Any CPU
		{1EEA9861-20C8-4A42-A09B-F6BFF7292B76}.Release|x64.ActiveCfg = Release|Any CPU
		{1EEA9861-20C8-4A42-A09B-F6BFF7292B76}.Release|x64.Build.0 = Release|Any CPU
		{1EEA9861-20C8-4A42-A09B-F6BFF7292B76}.Release|x86.ActiveCfg = Release|Any CPU
		{1EEA9861-20C8-4A42-A09B-F6BFF7292B76}.Release|x86.Build.0 = Release|Any CPU
		{C4EA5CA6-AD01-49E9-88A3-74EB9CC28678}.Debug|Any CPU.ActiveCfg = Debug|Any CPU
		{C4EA5CA6-AD01-49E9-88A3-74EB9CC28678}.Debug|Any CPU.Build.0 = Debug|Any CPU
		{C4EA5CA6-AD01-49E9-88A3-74EB9CC28678}.Debug|x64.ActiveCfg = Debug|Any CPU
		{C4EA5CA6-AD01-49E9-88A3-74EB9CC28678}.Debug|x64.Build.0 = Debug|Any CPU
		{C4EA5CA6-AD01-49E9-88A3-74EB9CC28678}.Debug|x86.ActiveCfg = Debug|Any CPU
		{C4EA5CA6-AD01-49E9-88A3-74EB9CC28678}.Debug|x86.Build.0 = Debug|Any CPU
		{C4EA5CA6-AD01-49E9-88A3-74EB9CC28678}.Release|Any CPU.ActiveCfg = Release|Any CPU
		{C4EA5CA6-AD01-49E9-88A3-74EB9CC28678}.Release|Any CPU.Build.0 = Release|Any CPU
		{C4EA5CA6-AD01-49E9-88A3-74EB9CC28678}.Release|x64.ActiveCfg = Release|Any CPU
		{C4EA5CA6-AD01-49E9-88A3-74EB9CC28678}.Release|x64.Build.0 = Release|Any CPU
		{C4EA5CA6-AD01-49E9-88A3-74EB9CC28678}.Release|x86.ActiveCfg = Release|Any CPU
		{C4EA5CA6-AD01-49E9-88A3-74EB9CC28678}.Release|x86.Build.0 = Release|Any CPU
		{8897AFCB-19D5-488F-ACF3-276B93C7155F}.Debug|Any CPU.ActiveCfg = Debug|Any CPU
		{8897AFCB-19D5-488F-ACF3-276B93C7155F}.Debug|Any CPU.Build.0 = Debug|Any CPU
		{8897AFCB-19D5-488F-ACF3-276B93C7155F}.Debug|x64.ActiveCfg = Debug|Any CPU
		{8897AFCB-19D5-488F-ACF3-276B93C7155F}.Debug|x64.Build.0 = Debug|Any CPU
		{8897AFCB-19D5-488F-ACF3-276B93C7155F}.Debug|x86.ActiveCfg = Debug|Any CPU
		{8897AFCB-19D5-488F-ACF3-276B93C7155F}.Debug|x86.Build.0 = Debug|Any CPU
		{8897AFCB-19D5-488F-ACF3-276B93C7155F}.Release|Any CPU.ActiveCfg = Release|Any CPU
		{8897AFCB-19D5-488F-ACF3-276B93C7155F}.Release|Any CPU.Build.0 = Release|Any CPU
		{8897AFCB-19D5-488F-ACF3-276B93C7155F}.Release|x64.ActiveCfg = Release|Any CPU
		{8897AFCB-19D5-488F-ACF3-276B93C7155F}.Release|x64.Build.0 = Release|Any CPU
		{8897AFCB-19D5-488F-ACF3-276B93C7155F}.Release|x86.ActiveCfg = Release|Any CPU
		{8897AFCB-19D5-488F-ACF3-276B93C7155F}.Release|x86.Build.0 = Release|Any CPU
		{54AC08DD-7D04-48CA-949C-AE8EC8441FA3}.Debug|Any CPU.ActiveCfg = Debug|Any CPU
		{54AC08DD-7D04-48CA-949C-AE8EC8441FA3}.Debug|Any CPU.Build.0 = Debug|Any CPU
		{54AC08DD-7D04-48CA-949C-AE8EC8441FA3}.Debug|x64.ActiveCfg = Debug|Any CPU
		{54AC08DD-7D04-48CA-949C-AE8EC8441FA3}.Debug|x64.Build.0 = Debug|Any CPU
		{54AC08DD-7D04-48CA-949C-AE8EC8441FA3}.Debug|x86.ActiveCfg = Debug|Any CPU
		{54AC08DD-7D04-48CA-949C-AE8EC8441FA3}.Debug|x86.Build.0 = Debug|Any CPU
		{54AC08DD-7D04-48CA-949C-AE8EC8441FA3}.Release|Any CPU.ActiveCfg = Release|Any CPU
		{54AC08DD-7D04-48CA-949C-AE8EC8441FA3}.Release|Any CPU.Build.0 = Release|Any CPU
		{54AC08DD-7D04-48CA-949C-AE8EC8441FA3}.Release|x64.ActiveCfg = Release|Any CPU
		{54AC08DD-7D04-48CA-949C-AE8EC8441FA3}.Release|x64.Build.0 = Release|Any CPU
		{54AC08DD-7D04-48CA-949C-AE8EC8441FA3}.Release|x86.ActiveCfg = Release|Any CPU
		{54AC08DD-7D04-48CA-949C-AE8EC8441FA3}.Release|x86.Build.0 = Release|Any CPU
	EndGlobalSection
	GlobalSection(SolutionProperties) = preSolution
		HideSolutionNode = FALSE
	EndGlobalSection
	GlobalSection(NestedProjects) = preSolution
		{E869B255-E90E-4DBF-801D-A7EBD76FF8C0} = {CF178828-E911-4728-88BC-BC7626632080}
		{CB6075BB-39F8-4DA9-A9E2-8AC37AC9B0AF} = {EDFEA364-03D4-4A38-81DD-2AD7E6E6836C}
		{ACE2FBD7-21E7-44C5-BD05-36C9F9C29699} = {EDFEA364-03D4-4A38-81DD-2AD7E6E6836C}
		{0D4F57CE-1ADF-4AA3-8760-7B47CEEE3915} = {7F32D615-3E50-40F0-91E4-1A20F538463F}
		{14B98591-A76E-49D0-A2C3-25DFE4D1FC0F} = {0AF3554B-D433-4D84-83CE-15C1F42DDDD0}
		{7F32D615-3E50-40F0-91E4-1A20F538463F} = {EB14C19D-7831-44DB-8478-7925B415235A}
		{CF178828-E911-4728-88BC-BC7626632080} = {FFDD4A81-1C36-4410-B80E-B3A534D2DE6D}
		{76EAC4CA-A56D-4F82-B0BD-8F60D68319A6} = {14B98591-A76E-49D0-A2C3-25DFE4D1FC0F}
		{5F468A08-E35A-4A61-9676-06B37316B885} = {14B98591-A76E-49D0-A2C3-25DFE4D1FC0F}
		{47068E19-D311-4366-BF85-139CAC7B276A} = {14B98591-A76E-49D0-A2C3-25DFE4D1FC0F}
		{5FD2CA62-D300-4012-8168-C520BA09325F} = {14B98591-A76E-49D0-A2C3-25DFE4D1FC0F}
		{8276EF53-F646-40D5-8A27-AAEF9C34FFDC} = {14B98591-A76E-49D0-A2C3-25DFE4D1FC0F}
		{976CC5FC-B992-476F-A80D-B9D43C954125} = {435E0E6B-493B-4644-8433-4A8D575AC061}
		{0511C450-DAEC-403F-AC93-22B0D54A1A4E} = {435E0E6B-493B-4644-8433-4A8D575AC061}
		{B27FE850-60DB-4661-98A6-D2AC9C1A730D} = {435E0E6B-493B-4644-8433-4A8D575AC061}
		{B76DFCB9-F4E8-4CCC-952B-3456BEB33BAD} = {B27FE850-60DB-4661-98A6-D2AC9C1A730D}
		{8FF4A3FA-3B9A-4222-A6AE-122EC7E178FA} = {0511C450-DAEC-403F-AC93-22B0D54A1A4E}
		{5E5A34CD-2465-45FA-A9F2-324C3FF5F59A} = {0511C450-DAEC-403F-AC93-22B0D54A1A4E}
		{5C6E6F05-CE45-472B-9D76-62ACB66BB069} = {0511C450-DAEC-403F-AC93-22B0D54A1A4E}
		{D76FF160-A03F-4463-A93B-59B43147E05F} = {976CC5FC-B992-476F-A80D-B9D43C954125}
		{8F4036E4-CA3D-477F-975B-F4F38307C2BE} = {8AC1B855-5664-4368-B1D1-73834BF897B9}
		{0A93CB72-17AC-43D2-A153-D08DBEDE947A} = {862A27DC-C7B9-4597-8D54-1C2177B9E5D3}
		{61327AA0-E6A6-4775-A4AF-471DA48E4DFC} = {862A27DC-C7B9-4597-8D54-1C2177B9E5D3}
		{862A27DC-C7B9-4597-8D54-1C2177B9E5D3} = {0AF3554B-D433-4D84-83CE-15C1F42DDDD0}
		{0583436C-4BE6-499E-8A1B-EAB30E1FF0E5} = {0AF3554B-D433-4D84-83CE-15C1F42DDDD0}
		{341FB258-5FD4-4366-9819-971F00E23A95} = {0583436C-4BE6-499E-8A1B-EAB30E1FF0E5}
		{B03DDC9E-033C-4AC9-AC3B-742D3AE7D558} = {0583436C-4BE6-499E-8A1B-EAB30E1FF0E5}
		{A05463A5-F2B6-469D-B159-CAF55C13C8F6} = {FFDD4A81-1C36-4410-B80E-B3A534D2DE6D}
		{4D1B7947-463E-4810-9B2D-6AF37F9CEDD9} = {79BA4456-DAC6-445A-AB2F-3F5F22EC52C5}
		{79BA4456-DAC6-445A-AB2F-3F5F22EC52C5} = {A05463A5-F2B6-469D-B159-CAF55C13C8F6}
		{35F05C49-B00B-4767-BBA1-26D4CB106A8A} = {A05463A5-F2B6-469D-B159-CAF55C13C8F6}
		{FB0EE1FA-AF23-4C8F-AF4E-5B7F1C2D3F54} = {35F05C49-B00B-4767-BBA1-26D4CB106A8A}
		{5B3D330A-24D4-4B97-B140-D9D68D267E11} = {79BA4456-DAC6-445A-AB2F-3F5F22EC52C5}
		{08A6A651-868C-42D4-91E4-C057A23E0D49} = {4D1B7947-463E-4810-9B2D-6AF37F9CEDD9}
		{B2927892-5E2E-4FB7-8CE1-D742899A4D15} = {4D1B7947-463E-4810-9B2D-6AF37F9CEDD9}
		{0C5BC82E-F77B-4B29-AAB4-DE5CCD0FFA8D} = {4D1B7947-463E-4810-9B2D-6AF37F9CEDD9}
		{C0EF0BAC-2766-4D7C-80C6-6993F243F6CC} = {35F1CFBF-AF7D-49FC-AACF-585FED4FB3BF}
		{1CA2A208-4236-47DF-80B5-C40E6A6E7A91} = {3ABEF0EC-80EB-4701-B474-601A91942910}
		{9F7EEC1A-848B-4347-8F9A-A86BBD22A780} = {7F32D615-3E50-40F0-91E4-1A20F538463F}
		{D95B3DA8-9FCC-4BE1-803A-79FCF3003E6A} = {35F1CFBF-AF7D-49FC-AACF-585FED4FB3BF}
		{CB943BC3-CF9C-4DC6-BCB3-04BD86DD7A6E} = {CE153B32-1C89-4DCF-B9B3-F1B3F5885818}
		{E9F27ADB-B1FE-4BB0-9995-F81DD50B96E7} = {EE670560-68C8-4738-88D2-BA4E62EFE767}
		{A1B63585-6310-43AF-895F-BF47F8344DE3} = {EE670560-68C8-4738-88D2-BA4E62EFE767}
		{761AE8E7-9BC3-4D59-8AEA-EECC9DBD3664} = {D0509CD9-DB19-4D4C-8D2A-6F310D7F126F}
		{D0509CD9-DB19-4D4C-8D2A-6F310D7F126F} = {EE670560-68C8-4738-88D2-BA4E62EFE767}
		{1B3E312B-9689-44F8-85E3-27626D1FA177} = {D0509CD9-DB19-4D4C-8D2A-6F310D7F126F}
		{1338B7BC-C8E1-4322-B32E-2E0C84D86138} = {D0509CD9-DB19-4D4C-8D2A-6F310D7F126F}
		{DFEB5005-8591-4C7F-9BA1-0E17E824EA7E} = {D0509CD9-DB19-4D4C-8D2A-6F310D7F126F}
		{BE177642-4E95-4F46-A34A-99D7C33985F6} = {35F1CFBF-AF7D-49FC-AACF-585FED4FB3BF}
		{BEF8B549-9A0E-4695-B65F-CEAD07B75EB6} = {7FB257C6-7322-46CB-9536-522AA44F4DB9}
		{E7D2FA18-C929-478E-B5DB-644B30644041} = {7FB257C6-7322-46CB-9536-522AA44F4DB9}
		{1EEA9861-20C8-4A42-A09B-F6BFF7292B76} = {04F0992E-2778-4975-9016-9A9DD24D65A8}
		{C4EA5CA6-AD01-49E9-88A3-74EB9CC28678} = {04F0992E-2778-4975-9016-9A9DD24D65A8}
		{8897AFCB-19D5-488F-ACF3-276B93C7155F} = {04F0992E-2778-4975-9016-9A9DD24D65A8}
		{54AC08DD-7D04-48CA-949C-AE8EC8441FA3} = {04F0992E-2778-4975-9016-9A9DD24D65A8}
	EndGlobalSection
	GlobalSection(ExtensibilityGlobals) = postSolution
		SolutionGuid = {D310ADDC-D93D-4F7E-95C1-40C741D24F9F}
	EndGlobalSection
EndGlobal
