
Microsoft Visual Studio Solution File, Format Version 12.00
# Visual Studio Version 17
VisualStudioVersion = 17.0.31903.59
MinimumVisualStudioVersion = 10.0.40219.1
Project("{FAE04EC0-301F-11D3-BF4B-00C04F79EFBC}") = "KafkaSample.ServiceDefaults", "KafkaSample.ServiceDefaults\KafkaSample.ServiceDefaults.csproj", "{3D40E84B-7F8F-4D1B-B6C5-E4A88B82B44E}"
EndProject
Project("{FAE04EC0-301F-11D3-BF4B-00C04F79EFBC}") = "KafkaFlowSample.Consumer", "KafkaFlowSample.Consumer\KafkaFlowSample.Consumer.csproj", "{99D7A2E2-7915-4566-924D-0C4C9089A0D1}"
EndProject
Project("{FAE04EC0-301F-11D3-BF4B-00C04F79EFBC}") = "KafkaFlowSample.Producer", "KafkaFlowSample.Producer\KafkaFlowSample.Producer.csproj", "{0C2542AE-B0BA-4259-9081-291CC1029B3D}"
EndProject
Project("{2150E333-8FDC-42A3-9474-1A3956D46DE8}") = "SolutionItems", "SolutionItems", "{A010EBD1-0ECD-4C1E-B0B3-D3BEC67DB476}"
	ProjectSection(SolutionItems) = preProject
		docker-compose.yml = docker-compose.yml
		..\README.md = ..\README.md
	EndProjectSection
EndProject
Project("{FAE04EC0-301F-11D3-BF4B-00C04F79EFBC}") = "KafkaFlowSample.MessageContracts", "KafkaFlowSample.MessageContracts\KafkaFlowSample.MessageContracts.csproj", "{1A1F4416-A8E0-4B5D-9096-35FE094744DD}"
EndProject
Project("{FAE04EC0-301F-11D3-BF4B-00C04F79EFBC}") = "KafkaFlowSample.Tests", "KafkaFlowSample.Tests\KafkaFlowSample.Tests.csproj", "{C192BD79-9D69-454B-B8CD-0ECA25E0B22A}"
EndProject
Global
	GlobalSection(SolutionConfigurationPlatforms) = preSolution
		Debug|Any CPU = Debug|Any CPU
		Release|Any CPU = Release|Any CPU
	EndGlobalSection
	GlobalSection(SolutionProperties) = preSolution
		HideSolutionNode = FALSE
	EndGlobalSection
	GlobalSection(ProjectConfigurationPlatforms) = postSolution
		{3D40E84B-7F8F-4D1B-B6C5-E4A88B82B44E}.Debug|Any CPU.ActiveCfg = Debug|Any CPU
		{3D40E84B-7F8F-4D1B-B6C5-E4A88B82B44E}.Debug|Any CPU.Build.0 = Debug|Any CPU
		{3D40E84B-7F8F-4D1B-B6C5-E4A88B82B44E}.Release|Any CPU.ActiveCfg = Release|Any CPU
		{99D7A2E2-7915-4566-924D-0C4C9089A0D1}.Debug|Any CPU.ActiveCfg = Debug|Any CPU
		{99D7A2E2-7915-4566-924D-0C4C9089A0D1}.Debug|Any CPU.Build.0 = Debug|Any CPU
		{99D7A2E2-7915-4566-924D-0C4C9089A0D1}.Release|Any CPU.ActiveCfg = Release|Any CPU
		{99D7A2E2-7915-4566-924D-0C4C9089A0D1}.Release|Any CPU.Build.0 = Release|Any CPU
		{0C2542AE-B0BA-4259-9081-291CC1029B3D}.Debug|Any CPU.ActiveCfg = Debug|Any CPU
		{0C2542AE-B0BA-4259-9081-291CC1029B3D}.Debug|Any CPU.Build.0 = Debug|Any CPU
		{0C2542AE-B0BA-4259-9081-291CC1029B3D}.Release|Any CPU.ActiveCfg = Release|Any CPU
		{0C2542AE-B0BA-4259-9081-291CC1029B3D}.Release|Any CPU.Build.0 = Release|Any CPU
		{1A1F4416-A8E0-4B5D-9096-35FE094744DD}.Debug|Any CPU.ActiveCfg = Debug|Any CPU
		{1A1F4416-A8E0-4B5D-9096-35FE094744DD}.Debug|Any CPU.Build.0 = Debug|Any CPU
		{1A1F4416-A8E0-4B5D-9096-35FE094744DD}.Release|Any CPU.ActiveCfg = Release|Any CPU
		{1A1F4416-A8E0-4B5D-9096-35FE094744DD}.Release|Any CPU.Build.0 = Release|Any CPU
		{C192BD79-9D69-454B-B8CD-0ECA25E0B22A}.Debug|Any CPU.ActiveCfg = Debug|Any CPU
		{C192BD79-9D69-454B-B8CD-0ECA25E0B22A}.Debug|Any CPU.Build.0 = Debug|Any CPU
		{C192BD79-9D69-454B-B8CD-0ECA25E0B22A}.Release|Any CPU.ActiveCfg = Release|Any CPU
		{C192BD79-9D69-454B-B8CD-0ECA25E0B22A}.Release|Any CPU.Build.0 = Release|Any CPU
	EndGlobalSection
EndGlobal
