
Microsoft Visual Studio Solution File, Format Version 12.00
# Visual Studio Version 16
VisualStudioVersion = 16.0.30717.126
MinimumVisualStudioVersion = 15.0.26124.0
Project("{FAE04EC0-301F-11D3-BF4B-00C04F79EFBC}") = "BlazorServer", "BlazorServer\BlazorServer.csproj", "{04C8D73A-1E39-4EBB-906F-6C8EB9F3F090}"
EndProject
Project("{FAE04EC0-301F-11D3-BF4B-00C04F79EFBC}") = "BlazorClient.ASPHosted.Server", "BlazorClient.ASPHosted\Server\BlazorClient.ASPHosted.Server.csproj", "{918A030E-697C-4CC7-9E68-ECBC601B44DE}"
EndProject
Project("{FAE04EC0-301F-11D3-BF4B-00C04F79EFBC}") = "BlazorClient.ASPHosted.Client", "BlazorClient.ASPHosted\Client\BlazorClient.ASPHosted.Client.csproj", "{9B89E910-9850-4E62-96D9-B0971B94E9EF}"
EndProject
Project("{FAE04EC0-301F-11D3-BF4B-00C04F79EFBC}") = "BlazorClient.ASPHosted.Shared", "BlazorClient.ASPHosted\Shared\BlazorClient.ASPHosted.Shared.csproj", "{017CAF8D-E813-4B92-B30B-B4F4801BAD39}"
EndProject
Project("{FAE04EC0-301F-11D3-BF4B-00C04F79EFBC}") = "BlazorClient.NonASPHosted", "BlazorClient.NonASPHosted\BlazorClient.NonASPHosted.csproj", "{1F1FB14F-5F75-4339-B58F-652E52FFC538}"
EndProject
Project("{2150E333-8FDC-42A3-9474-1A3956D46DE8}") = "Server", "Server", "{6A6E15DD-B9E9-4A8F-991A-84B6D9D62F2F}"
EndProject
Project("{2150E333-8FDC-42A3-9474-1A3956D46DE8}") = "Client", "Client", "{9A9BE774-3B27-496F-818C-5B42CAF8194A}"
EndProject
Project("{2150E333-8FDC-42A3-9474-1A3956D46DE8}") = "ASPNetHosted", "ASPNetHosted", "{D5139B22-4FAA-49B2-BA6E-E4F6B3883E5D}"
EndProject
Project("{FAE04EC0-301F-11D3-BF4B-00C04F79EFBC}") = "BlazorServer.Tests", "BlazorServer.Tests\BlazorServer.Tests.csproj", "{C1FC0D21-7090-4B3C-9584-4A2A83F6113A}"
EndProject
Project("{2150E333-8FDC-42A3-9474-1A3956D46DE8}") = "SolutionItems", "SolutionItems", "{3B50BEDC-C144-4774-B9BF-B9EAEC3BA4D5}"
ProjectSection(SolutionItems) = preProject
	README.md = README.md
EndProjectSection
EndProject
Global
	GlobalSection(SolutionConfigurationPlatforms) = preSolution
		Debug|Any CPU = Debug|Any CPU
		Debug|x64 = Debug|x64
		Debug|x86 = Debug|x86
		Release|Any CPU = Release|Any CPU
		Release|x64 = Release|x64
		Release|x86 = Release|x86
	EndGlobalSection
	GlobalSection(ProjectConfigurationPlatforms) = postSolution
		{04C8D73A-1E39-4EBB-906F-6C8EB9F3F090}.Debug|Any CPU.ActiveCfg = Debug|Any CPU
		{04C8D73A-1E39-4EBB-906F-6C8EB9F3F090}.Debug|Any CPU.Build.0 = Debug|Any CPU
		{04C8D73A-1E39-4EBB-906F-6C8EB9F3F090}.Debug|x64.ActiveCfg = Debug|Any CPU
		{04C8D73A-1E39-4EBB-906F-6C8EB9F3F090}.Debug|x64.Build.0 = Debug|Any CPU
		{04C8D73A-1E39-4EBB-906F-6C8EB9F3F090}.Debug|x86.ActiveCfg = Debug|Any CPU
		{04C8D73A-1E39-4EBB-906F-6C8EB9F3F090}.Debug|x86.Build.0 = Debug|Any CPU
		{04C8D73A-1E39-4EBB-906F-6C8EB9F3F090}.Release|Any CPU.ActiveCfg = Release|Any CPU
		{04C8D73A-1E39-4EBB-906F-6C8EB9F3F090}.Release|Any CPU.Build.0 = Release|Any CPU
		{04C8D73A-1E39-4EBB-906F-6C8EB9F3F090}.Release|x64.ActiveCfg = Release|Any CPU
		{04C8D73A-1E39-4EBB-906F-6C8EB9F3F090}.Release|x64.Build.0 = Release|Any CPU
		{04C8D73A-1E39-4EBB-906F-6C8EB9F3F090}.Release|x86.ActiveCfg = Release|Any CPU
		{04C8D73A-1E39-4EBB-906F-6C8EB9F3F090}.Release|x86.Build.0 = Release|Any CPU
		{918A030E-697C-4CC7-9E68-ECBC601B44DE}.Debug|Any CPU.ActiveCfg = Debug|Any CPU
		{918A030E-697C-4CC7-9E68-ECBC601B44DE}.Debug|Any CPU.Build.0 = Debug|Any CPU
		{918A030E-697C-4CC7-9E68-ECBC601B44DE}.Debug|x64.ActiveCfg = Debug|Any CPU
		{918A030E-697C-4CC7-9E68-ECBC601B44DE}.Debug|x64.Build.0 = Debug|Any CPU
		{918A030E-697C-4CC7-9E68-ECBC601B44DE}.Debug|x86.ActiveCfg = Debug|Any CPU
		{918A030E-697C-4CC7-9E68-ECBC601B44DE}.Debug|x86.Build.0 = Debug|Any CPU
		{918A030E-697C-4CC7-9E68-ECBC601B44DE}.Release|Any CPU.ActiveCfg = Release|Any CPU
		{918A030E-697C-4CC7-9E68-ECBC601B44DE}.Release|Any CPU.Build.0 = Release|Any CPU
		{918A030E-697C-4CC7-9E68-ECBC601B44DE}.Release|x64.ActiveCfg = Release|Any CPU
		{918A030E-697C-4CC7-9E68-ECBC601B44DE}.Release|x64.Build.0 = Release|Any CPU
		{918A030E-697C-4CC7-9E68-ECBC601B44DE}.Release|x86.ActiveCfg = Release|Any CPU
		{918A030E-697C-4CC7-9E68-ECBC601B44DE}.Release|x86.Build.0 = Release|Any CPU
		{9B89E910-9850-4E62-96D9-B0971B94E9EF}.Debug|Any CPU.ActiveCfg = Debug|Any CPU
		{9B89E910-9850-4E62-96D9-B0971B94E9EF}.Debug|Any CPU.Build.0 = Debug|Any CPU
		{9B89E910-9850-4E62-96D9-B0971B94E9EF}.Debug|x64.ActiveCfg = Debug|Any CPU
		{9B89E910-9850-4E62-96D9-B0971B94E9EF}.Debug|x64.Build.0 = Debug|Any CPU
		{9B89E910-9850-4E62-96D9-B0971B94E9EF}.Debug|x86.ActiveCfg = Debug|Any CPU
		{9B89E910-9850-4E62-96D9-B0971B94E9EF}.Debug|x86.Build.0 = Debug|Any CPU
		{9B89E910-9850-4E62-96D9-B0971B94E9EF}.Release|Any CPU.ActiveCfg = Release|Any CPU
		{9B89E910-9850-4E62-96D9-B0971B94E9EF}.Release|Any CPU.Build.0 = Release|Any CPU
		{9B89E910-9850-4E62-96D9-B0971B94E9EF}.Release|x64.ActiveCfg = Release|Any CPU
		{9B89E910-9850-4E62-96D9-B0971B94E9EF}.Release|x64.Build.0 = Release|Any CPU
		{9B89E910-9850-4E62-96D9-B0971B94E9EF}.Release|x86.ActiveCfg = Release|Any CPU
		{9B89E910-9850-4E62-96D9-B0971B94E9EF}.Release|x86.Build.0 = Release|Any CPU
		{017CAF8D-E813-4B92-B30B-B4F4801BAD39}.Debug|Any CPU.ActiveCfg = Debug|Any CPU
		{017CAF8D-E813-4B92-B30B-B4F4801BAD39}.Debug|Any CPU.Build.0 = Debug|Any CPU
		{017CAF8D-E813-4B92-B30B-B4F4801BAD39}.Debug|x64.ActiveCfg = Debug|Any CPU
		{017CAF8D-E813-4B92-B30B-B4F4801BAD39}.Debug|x64.Build.0 = Debug|Any CPU
		{017CAF8D-E813-4B92-B30B-B4F4801BAD39}.Debug|x86.ActiveCfg = Debug|Any CPU
		{017CAF8D-E813-4B92-B30B-B4F4801BAD39}.Debug|x86.Build.0 = Debug|Any CPU
		{017CAF8D-E813-4B92-B30B-B4F4801BAD39}.Release|Any CPU.ActiveCfg = Release|Any CPU
		{017CAF8D-E813-4B92-B30B-B4F4801BAD39}.Release|Any CPU.Build.0 = Release|Any CPU
		{017CAF8D-E813-4B92-B30B-B4F4801BAD39}.Release|x64.ActiveCfg = Release|Any CPU
		{017CAF8D-E813-4B92-B30B-B4F4801BAD39}.Release|x64.Build.0 = Release|Any CPU
		{017CAF8D-E813-4B92-B30B-B4F4801BAD39}.Release|x86.ActiveCfg = Release|Any CPU
		{017CAF8D-E813-4B92-B30B-B4F4801BAD39}.Release|x86.Build.0 = Release|Any CPU
		{1F1FB14F-5F75-4339-B58F-652E52FFC538}.Debug|Any CPU.ActiveCfg = Debug|Any CPU
		{1F1FB14F-5F75-4339-B58F-652E52FFC538}.Debug|Any CPU.Build.0 = Debug|Any CPU
		{1F1FB14F-5F75-4339-B58F-652E52FFC538}.Debug|x64.ActiveCfg = Debug|Any CPU
		{1F1FB14F-5F75-4339-B58F-652E52FFC538}.Debug|x64.Build.0 = Debug|Any CPU
		{1F1FB14F-5F75-4339-B58F-652E52FFC538}.Debug|x86.ActiveCfg = Debug|Any CPU
		{1F1FB14F-5F75-4339-B58F-652E52FFC538}.Debug|x86.Build.0 = Debug|Any CPU
		{1F1FB14F-5F75-4339-B58F-652E52FFC538}.Release|Any CPU.ActiveCfg = Release|Any CPU
		{1F1FB14F-5F75-4339-B58F-652E52FFC538}.Release|Any CPU.Build.0 = Release|Any CPU
		{1F1FB14F-5F75-4339-B58F-652E52FFC538}.Release|x64.ActiveCfg = Release|Any CPU
		{1F1FB14F-5F75-4339-B58F-652E52FFC538}.Release|x64.Build.0 = Release|Any CPU
		{1F1FB14F-5F75-4339-B58F-652E52FFC538}.Release|x86.ActiveCfg = Release|Any CPU
		{1F1FB14F-5F75-4339-B58F-652E52FFC538}.Release|x86.Build.0 = Release|Any CPU
		{C1FC0D21-7090-4B3C-9584-4A2A83F6113A}.Debug|Any CPU.ActiveCfg = Debug|Any CPU
		{C1FC0D21-7090-4B3C-9584-4A2A83F6113A}.Debug|Any CPU.Build.0 = Debug|Any CPU
		{C1FC0D21-7090-4B3C-9584-4A2A83F6113A}.Debug|x64.ActiveCfg = Debug|Any CPU
		{C1FC0D21-7090-4B3C-9584-4A2A83F6113A}.Debug|x64.Build.0 = Debug|Any CPU
		{C1FC0D21-7090-4B3C-9584-4A2A83F6113A}.Debug|x86.ActiveCfg = Debug|Any CPU
		{C1FC0D21-7090-4B3C-9584-4A2A83F6113A}.Debug|x86.Build.0 = Debug|Any CPU
		{C1FC0D21-7090-4B3C-9584-4A2A83F6113A}.Release|Any CPU.ActiveCfg = Release|Any CPU
		{C1FC0D21-7090-4B3C-9584-4A2A83F6113A}.Release|Any CPU.Build.0 = Release|Any CPU
		{C1FC0D21-7090-4B3C-9584-4A2A83F6113A}.Release|x64.ActiveCfg = Release|Any CPU
		{C1FC0D21-7090-4B3C-9584-4A2A83F6113A}.Release|x64.Build.0 = Release|Any CPU
		{C1FC0D21-7090-4B3C-9584-4A2A83F6113A}.Release|x86.ActiveCfg = Release|Any CPU
		{C1FC0D21-7090-4B3C-9584-4A2A83F6113A}.Release|x86.Build.0 = Release|Any CPU
	EndGlobalSection
	GlobalSection(SolutionProperties) = preSolution
		HideSolutionNode = FALSE
	EndGlobalSection
	GlobalSection(NestedProjects) = preSolution
		{04C8D73A-1E39-4EBB-906F-6C8EB9F3F090} = {6A6E15DD-B9E9-4A8F-991A-84B6D9D62F2F}
		{918A030E-697C-4CC7-9E68-ECBC601B44DE} = {D5139B22-4FAA-49B2-BA6E-E4F6B3883E5D}
		{9B89E910-9850-4E62-96D9-B0971B94E9EF} = {D5139B22-4FAA-49B2-BA6E-E4F6B3883E5D}
		{017CAF8D-E813-4B92-B30B-B4F4801BAD39} = {D5139B22-4FAA-49B2-BA6E-E4F6B3883E5D}
		{1F1FB14F-5F75-4339-B58F-652E52FFC538} = {9A9BE774-3B27-496F-818C-5B42CAF8194A}
		{D5139B22-4FAA-49B2-BA6E-E4F6B3883E5D} = {9A9BE774-3B27-496F-818C-5B42CAF8194A}
		{C1FC0D21-7090-4B3C-9584-4A2A83F6113A} = {6A6E15DD-B9E9-4A8F-991A-84B6D9D62F2F}
	EndGlobalSection
	GlobalSection(ExtensibilityGlobals) = postSolution
		SolutionGuid = {5B25AAB5-7BD9-416F-9805-2D5D080F0CDC}
	EndGlobalSection
EndGlobal
