
Microsoft Visual Studio Solution File, Format Version 12.00
# Visual Studio Version 16
VisualStudioVersion = 16.0.31005.135
MinimumVisualStudioVersion = 15.0.26124.0
Project("{9A19103F-16F7-4668-BE54-9A1E7A4F7556}") = "Messaging.AmazonSQS.Producer", "Messaging.AmazonSQS.Producer\Messaging.AmazonSQS.Producer.csproj", "{2734F542-E6D6-4690-81FC-9CDB7BF31694}"
EndProject
Project("{2150E333-8FDC-42A3-9474-1A3956D46DE8}") = "AmazonSQS", "AmazonSQS", "{2076A93A-B26A-42CC-829B-EF2C0E77A39B}"
EndProject
Project("{9A19103F-16F7-4668-BE54-9A1E7A4F7556}") = "Messaging.Events.Contracts", "Messaging.Events.Contracts\Messaging.Events.Contracts.csproj", "{201F496A-836E-4671-B3BD-17D47873E375}"
EndProject
Project("{9A19103F-16F7-4668-BE54-9A1E7A4F7556}") = "Messaging.Configuration", "Messaging.Configuration\Messaging.Configuration.csproj", "{8FEC86E0-2C83-474A-AF1B-788BAB765AB2}"
EndProject
Project("{9A19103F-16F7-4668-BE54-9A1E7A4F7556}") = "Messaging.AmazonSQS.Extensions", "Messaging.AmazonSQS.Extensions\Messaging.AmazonSQS.Extensions.csproj", "{A5A35A0C-5FF9-4353-BE31-CC50C3512B0E}"
EndProject
Project("{9A19103F-16F7-4668-BE54-9A1E7A4F7556}") = "Messaging.AmazonSQS.ConsumerA", "Messaging.AmazonSQS.ConsumerA\Messaging.AmazonSQS.ConsumerA.csproj", "{39A42BBB-B01A-4558-9D80-E9AEA3C8B77C}"
EndProject
Project("{FAE04EC0-301F-11D3-BF4B-00C04F79EFBC}") = "Messaging.AmazonSQS.ConsumerB", "Messaging.AmazonSQS.ConsumerB\Messaging.AmazonSQS.ConsumerB.csproj", "{D267C290-4067-4CB9-930A-330375DCE29C}"
EndProject
Project("{FAE04EC0-301F-11D3-BF4B-00C04F79EFBC}") = "Messaging.RabbitMQ.Consumer", "Messaging.RabbitMQ.Consumer\Messaging.RabbitMQ.Consumer.csproj", "{FEEE4060-943C-4509-9275-9CF954BE873B}"
EndProject
Project("{2150E333-8FDC-42A3-9474-1A3956D46DE8}") = "RabbitMQ", "RabbitMQ", "{74BF7C47-C828-424A-AFFA-B28971071910}"
EndProject
Project("{FAE04EC0-301F-11D3-BF4B-00C04F79EFBC}") = "Messaging.RabbitMQ.AdminBlazor", "Messaging.RabbitMQ.AdminBlazor\Messaging.RabbitMQ.AdminBlazor.csproj", "{33F228B8-DBBF-45DE-B407-8D69CD17B90D}"
EndProject
Project("{2150E333-8FDC-42A3-9474-1A3956D46DE8}") = "SolutionItems", "SolutionItems", "{94C51BFB-BEDC-4EAF-8AAE-E31F7FDD89DA}"
	ProjectSection(SolutionItems) = preProject
		RabbitMQ\docker-compose.yml = RabbitMQ\docker-compose.yml
		RabbitMQ\README.md = RabbitMQ\README.md
	EndProjectSection
EndProject
Project("{FAE04EC0-301F-11D3-BF4B-00C04F79EFBC}") = "Messaging.RabbitMQ.Contracts", "RabbitMQ\Messaging.RabbitMQ.Contracts\Messaging.RabbitMQ.Contracts.csproj", "{A8FB66D6-3DD2-4A77-A40E-2FCE72AC4F80}"
EndProject
Global
	GlobalSection(SolutionConfigurationPlatforms) = preSolution
		Debug|Any CPU = Debug|Any CPU
		Debug|x64 = Debug|x64
		Debug|x86 = Debug|x86
		Release|Any CPU = Release|Any CPU
		Release|x64 = Release|x64
		Release|x86 = Release|x86
	EndGlobalSection
	GlobalSection(ProjectConfigurationPlatforms) = postSolution
		{2734F542-E6D6-4690-81FC-9CDB7BF31694}.Debug|Any CPU.ActiveCfg = Debug|Any CPU
		{2734F542-E6D6-4690-81FC-9CDB7BF31694}.Debug|Any CPU.Build.0 = Debug|Any CPU
		{2734F542-E6D6-4690-81FC-9CDB7BF31694}.Debug|x64.ActiveCfg = Debug|Any CPU
		{2734F542-E6D6-4690-81FC-9CDB7BF31694}.Debug|x64.Build.0 = Debug|Any CPU
		{2734F542-E6D6-4690-81FC-9CDB7BF31694}.Debug|x86.ActiveCfg = Debug|Any CPU
		{2734F542-E6D6-4690-81FC-9CDB7BF31694}.Debug|x86.Build.0 = Debug|Any CPU
		{2734F542-E6D6-4690-81FC-9CDB7BF31694}.Release|Any CPU.ActiveCfg = Release|Any CPU
		{2734F542-E6D6-4690-81FC-9CDB7BF31694}.Release|Any CPU.Build.0 = Release|Any CPU
		{2734F542-E6D6-4690-81FC-9CDB7BF31694}.Release|x64.ActiveCfg = Release|Any CPU
		{2734F542-E6D6-4690-81FC-9CDB7BF31694}.Release|x64.Build.0 = Release|Any CPU
		{2734F542-E6D6-4690-81FC-9CDB7BF31694}.Release|x86.ActiveCfg = Release|Any CPU
		{2734F542-E6D6-4690-81FC-9CDB7BF31694}.Release|x86.Build.0 = Release|Any CPU
		{201F496A-836E-4671-B3BD-17D47873E375}.Debug|Any CPU.ActiveCfg = Debug|Any CPU
		{201F496A-836E-4671-B3BD-17D47873E375}.Debug|Any CPU.Build.0 = Debug|Any CPU
		{201F496A-836E-4671-B3BD-17D47873E375}.Debug|x64.ActiveCfg = Debug|Any CPU
		{201F496A-836E-4671-B3BD-17D47873E375}.Debug|x64.Build.0 = Debug|Any CPU
		{201F496A-836E-4671-B3BD-17D47873E375}.Debug|x86.ActiveCfg = Debug|Any CPU
		{201F496A-836E-4671-B3BD-17D47873E375}.Debug|x86.Build.0 = Debug|Any CPU
		{201F496A-836E-4671-B3BD-17D47873E375}.Release|Any CPU.ActiveCfg = Release|Any CPU
		{201F496A-836E-4671-B3BD-17D47873E375}.Release|Any CPU.Build.0 = Release|Any CPU
		{201F496A-836E-4671-B3BD-17D47873E375}.Release|x64.ActiveCfg = Release|Any CPU
		{201F496A-836E-4671-B3BD-17D47873E375}.Release|x64.Build.0 = Release|Any CPU
		{201F496A-836E-4671-B3BD-17D47873E375}.Release|x86.ActiveCfg = Release|Any CPU
		{201F496A-836E-4671-B3BD-17D47873E375}.Release|x86.Build.0 = Release|Any CPU
		{8FEC86E0-2C83-474A-AF1B-788BAB765AB2}.Debug|Any CPU.ActiveCfg = Debug|Any CPU
		{8FEC86E0-2C83-474A-AF1B-788BAB765AB2}.Debug|Any CPU.Build.0 = Debug|Any CPU
		{8FEC86E0-2C83-474A-AF1B-788BAB765AB2}.Debug|x64.ActiveCfg = Debug|Any CPU
		{8FEC86E0-2C83-474A-AF1B-788BAB765AB2}.Debug|x64.Build.0 = Debug|Any CPU
		{8FEC86E0-2C83-474A-AF1B-788BAB765AB2}.Debug|x86.ActiveCfg = Debug|Any CPU
		{8FEC86E0-2C83-474A-AF1B-788BAB765AB2}.Debug|x86.Build.0 = Debug|Any CPU
		{8FEC86E0-2C83-474A-AF1B-788BAB765AB2}.Release|Any CPU.ActiveCfg = Release|Any CPU
		{8FEC86E0-2C83-474A-AF1B-788BAB765AB2}.Release|Any CPU.Build.0 = Release|Any CPU
		{8FEC86E0-2C83-474A-AF1B-788BAB765AB2}.Release|x64.ActiveCfg = Release|Any CPU
		{8FEC86E0-2C83-474A-AF1B-788BAB765AB2}.Release|x64.Build.0 = Release|Any CPU
		{8FEC86E0-2C83-474A-AF1B-788BAB765AB2}.Release|x86.ActiveCfg = Release|Any CPU
		{8FEC86E0-2C83-474A-AF1B-788BAB765AB2}.Release|x86.Build.0 = Release|Any CPU
		{A5A35A0C-5FF9-4353-BE31-CC50C3512B0E}.Debug|Any CPU.ActiveCfg = Debug|Any CPU
		{A5A35A0C-5FF9-4353-BE31-CC50C3512B0E}.Debug|Any CPU.Build.0 = Debug|Any CPU
		{A5A35A0C-5FF9-4353-BE31-CC50C3512B0E}.Debug|x64.ActiveCfg = Debug|Any CPU
		{A5A35A0C-5FF9-4353-BE31-CC50C3512B0E}.Debug|x64.Build.0 = Debug|Any CPU
		{A5A35A0C-5FF9-4353-BE31-CC50C3512B0E}.Debug|x86.ActiveCfg = Debug|Any CPU
		{A5A35A0C-5FF9-4353-BE31-CC50C3512B0E}.Debug|x86.Build.0 = Debug|Any CPU
		{A5A35A0C-5FF9-4353-BE31-CC50C3512B0E}.Release|Any CPU.ActiveCfg = Release|Any CPU
		{A5A35A0C-5FF9-4353-BE31-CC50C3512B0E}.Release|Any CPU.Build.0 = Release|Any CPU
		{A5A35A0C-5FF9-4353-BE31-CC50C3512B0E}.Release|x64.ActiveCfg = Release|Any CPU
		{A5A35A0C-5FF9-4353-BE31-CC50C3512B0E}.Release|x64.Build.0 = Release|Any CPU
		{A5A35A0C-5FF9-4353-BE31-CC50C3512B0E}.Release|x86.ActiveCfg = Release|Any CPU
		{A5A35A0C-5FF9-4353-BE31-CC50C3512B0E}.Release|x86.Build.0 = Release|Any CPU
		{39A42BBB-B01A-4558-9D80-E9AEA3C8B77C}.Debug|Any CPU.ActiveCfg = Debug|Any CPU
		{39A42BBB-B01A-4558-9D80-E9AEA3C8B77C}.Debug|Any CPU.Build.0 = Debug|Any CPU
		{39A42BBB-B01A-4558-9D80-E9AEA3C8B77C}.Debug|x64.ActiveCfg = Debug|Any CPU
		{39A42BBB-B01A-4558-9D80-E9AEA3C8B77C}.Debug|x64.Build.0 = Debug|Any CPU
		{39A42BBB-B01A-4558-9D80-E9AEA3C8B77C}.Debug|x86.ActiveCfg = Debug|Any CPU
		{39A42BBB-B01A-4558-9D80-E9AEA3C8B77C}.Debug|x86.Build.0 = Debug|Any CPU
		{39A42BBB-B01A-4558-9D80-E9AEA3C8B77C}.Release|Any CPU.ActiveCfg = Release|Any CPU
		{39A42BBB-B01A-4558-9D80-E9AEA3C8B77C}.Release|Any CPU.Build.0 = Release|Any CPU
		{39A42BBB-B01A-4558-9D80-E9AEA3C8B77C}.Release|x64.ActiveCfg = Release|Any CPU
		{39A42BBB-B01A-4558-9D80-E9AEA3C8B77C}.Release|x64.Build.0 = Release|Any CPU
		{39A42BBB-B01A-4558-9D80-E9AEA3C8B77C}.Release|x86.ActiveCfg = Release|Any CPU
		{39A42BBB-B01A-4558-9D80-E9AEA3C8B77C}.Release|x86.Build.0 = Release|Any CPU
		{D267C290-4067-4CB9-930A-330375DCE29C}.Debug|Any CPU.ActiveCfg = Debug|Any CPU
		{D267C290-4067-4CB9-930A-330375DCE29C}.Debug|Any CPU.Build.0 = Debug|Any CPU
		{D267C290-4067-4CB9-930A-330375DCE29C}.Debug|x64.ActiveCfg = Debug|Any CPU
		{D267C290-4067-4CB9-930A-330375DCE29C}.Debug|x64.Build.0 = Debug|Any CPU
		{D267C290-4067-4CB9-930A-330375DCE29C}.Debug|x86.ActiveCfg = Debug|Any CPU
		{D267C290-4067-4CB9-930A-330375DCE29C}.Debug|x86.Build.0 = Debug|Any CPU
		{D267C290-4067-4CB9-930A-330375DCE29C}.Release|Any CPU.ActiveCfg = Release|Any CPU
		{D267C290-4067-4CB9-930A-330375DCE29C}.Release|Any CPU.Build.0 = Release|Any CPU
		{D267C290-4067-4CB9-930A-330375DCE29C}.Release|x64.ActiveCfg = Release|Any CPU
		{D267C290-4067-4CB9-930A-330375DCE29C}.Release|x64.Build.0 = Release|Any CPU
		{D267C290-4067-4CB9-930A-330375DCE29C}.Release|x86.ActiveCfg = Release|Any CPU
		{D267C290-4067-4CB9-930A-330375DCE29C}.Release|x86.Build.0 = Release|Any CPU
		{FEEE4060-943C-4509-9275-9CF954BE873B}.Debug|Any CPU.ActiveCfg = Debug|Any CPU
		{FEEE4060-943C-4509-9275-9CF954BE873B}.Debug|Any CPU.Build.0 = Debug|Any CPU
		{FEEE4060-943C-4509-9275-9CF954BE873B}.Debug|x64.ActiveCfg = Debug|Any CPU
		{FEEE4060-943C-4509-9275-9CF954BE873B}.Debug|x64.Build.0 = Debug|Any CPU
		{FEEE4060-943C-4509-9275-9CF954BE873B}.Debug|x86.ActiveCfg = Debug|Any CPU
		{FEEE4060-943C-4509-9275-9CF954BE873B}.Debug|x86.Build.0 = Debug|Any CPU
		{FEEE4060-943C-4509-9275-9CF954BE873B}.Release|Any CPU.ActiveCfg = Release|Any CPU
		{FEEE4060-943C-4509-9275-9CF954BE873B}.Release|Any CPU.Build.0 = Release|Any CPU
		{FEEE4060-943C-4509-9275-9CF954BE873B}.Release|x64.ActiveCfg = Release|Any CPU
		{FEEE4060-943C-4509-9275-9CF954BE873B}.Release|x64.Build.0 = Release|Any CPU
		{FEEE4060-943C-4509-9275-9CF954BE873B}.Release|x86.ActiveCfg = Release|Any CPU
		{FEEE4060-943C-4509-9275-9CF954BE873B}.Release|x86.Build.0 = Release|Any CPU
		{33F228B8-DBBF-45DE-B407-8D69CD17B90D}.Debug|Any CPU.ActiveCfg = Debug|Any CPU
		{33F228B8-DBBF-45DE-B407-8D69CD17B90D}.Debug|Any CPU.Build.0 = Debug|Any CPU
		{33F228B8-DBBF-45DE-B407-8D69CD17B90D}.Debug|x64.ActiveCfg = Debug|Any CPU
		{33F228B8-DBBF-45DE-B407-8D69CD17B90D}.Debug|x64.Build.0 = Debug|Any CPU
		{33F228B8-DBBF-45DE-B407-8D69CD17B90D}.Debug|x86.ActiveCfg = Debug|Any CPU
		{33F228B8-DBBF-45DE-B407-8D69CD17B90D}.Debug|x86.Build.0 = Debug|Any CPU
		{33F228B8-DBBF-45DE-B407-8D69CD17B90D}.Release|Any CPU.ActiveCfg = Release|Any CPU
		{33F228B8-DBBF-45DE-B407-8D69CD17B90D}.Release|Any CPU.Build.0 = Release|Any CPU
		{33F228B8-DBBF-45DE-B407-8D69CD17B90D}.Release|x64.ActiveCfg = Release|Any CPU
		{33F228B8-DBBF-45DE-B407-8D69CD17B90D}.Release|x64.Build.0 = Release|Any CPU
		{33F228B8-DBBF-45DE-B407-8D69CD17B90D}.Release|x86.ActiveCfg = Release|Any CPU
		{33F228B8-DBBF-45DE-B407-8D69CD17B90D}.Release|x86.Build.0 = Release|Any CPU
		{A8FB66D6-3DD2-4A77-A40E-2FCE72AC4F80}.Debug|Any CPU.ActiveCfg = Debug|Any CPU
		{A8FB66D6-3DD2-4A77-A40E-2FCE72AC4F80}.Debug|Any CPU.Build.0 = Debug|Any CPU
		{A8FB66D6-3DD2-4A77-A40E-2FCE72AC4F80}.Debug|x64.ActiveCfg = Debug|Any CPU
		{A8FB66D6-3DD2-4A77-A40E-2FCE72AC4F80}.Debug|x64.Build.0 = Debug|Any CPU
		{A8FB66D6-3DD2-4A77-A40E-2FCE72AC4F80}.Debug|x86.ActiveCfg = Debug|Any CPU
		{A8FB66D6-3DD2-4A77-A40E-2FCE72AC4F80}.Debug|x86.Build.0 = Debug|Any CPU
		{A8FB66D6-3DD2-4A77-A40E-2FCE72AC4F80}.Release|Any CPU.ActiveCfg = Release|Any CPU
		{A8FB66D6-3DD2-4A77-A40E-2FCE72AC4F80}.Release|Any CPU.Build.0 = Release|Any CPU
		{A8FB66D6-3DD2-4A77-A40E-2FCE72AC4F80}.Release|x64.ActiveCfg = Release|Any CPU
		{A8FB66D6-3DD2-4A77-A40E-2FCE72AC4F80}.Release|x64.Build.0 = Release|Any CPU
		{A8FB66D6-3DD2-4A77-A40E-2FCE72AC4F80}.Release|x86.ActiveCfg = Release|Any CPU
		{A8FB66D6-3DD2-4A77-A40E-2FCE72AC4F80}.Release|x86.Build.0 = Release|Any CPU
	EndGlobalSection
	GlobalSection(SolutionProperties) = preSolution
		HideSolutionNode = FALSE
	EndGlobalSection
	GlobalSection(NestedProjects) = preSolution
		{2734F542-E6D6-4690-81FC-9CDB7BF31694} = {2076A93A-B26A-42CC-829B-EF2C0E77A39B}
		{A5A35A0C-5FF9-4353-BE31-CC50C3512B0E} = {2076A93A-B26A-42CC-829B-EF2C0E77A39B}
		{39A42BBB-B01A-4558-9D80-E9AEA3C8B77C} = {2076A93A-B26A-42CC-829B-EF2C0E77A39B}
		{D267C290-4067-4CB9-930A-330375DCE29C} = {2076A93A-B26A-42CC-829B-EF2C0E77A39B}
		{FEEE4060-943C-4509-9275-9CF954BE873B} = {74BF7C47-C828-424A-AFFA-B28971071910}
		{33F228B8-DBBF-45DE-B407-8D69CD17B90D} = {74BF7C47-C828-424A-AFFA-B28971071910}
		{94C51BFB-BEDC-4EAF-8AAE-E31F7FDD89DA} = {74BF7C47-C828-424A-AFFA-B28971071910}
		{A8FB66D6-3DD2-4A77-A40E-2FCE72AC4F80} = {74BF7C47-C828-424A-AFFA-B28971071910}
	EndGlobalSection
	GlobalSection(ExtensibilityGlobals) = postSolution
		SolutionGuid = {F47D56E9-0111-4DCE-95D9-B7F537317157}
	EndGlobalSection
EndGlobal
