
Microsoft Visual Studio Solution File, Format Version 12.00
# Visual Studio Version 16
VisualStudioVersion = 16.0.30114.105
MinimumVisualStudioVersion = 10.0.40219.1
Project("{FAE04EC0-301F-11D3-BF4B-00C04F79EFBC}") = "RealTime.SignalR.Server", "RealTime.SignalR.Server\RealTime.SignalR.Server.csproj", "{370F97ED-1DE1-40FC-BABC-5081FFC004DC}"
EndProject
Project("{FAE04EC0-301F-11D3-BF4B-00C04F79EFBC}") = "RealTime.SignalR.BlazorWeb", "RealTime.SignalR.BlazorWeb\RealTime.SignalR.BlazorWeb.csproj", "{4CF128BB-006D-4D72-918B-3CCE8A1CD458}"
EndProject
Project("{2150E333-8FDC-42A3-9474-1A3956D46DE8}") = "SolutionItems", "SolutionItems", "{C63A9CA4-B30D-48C4-9BCD-4EB75E24843F}"
ProjectSection(SolutionItems) = preProject
	README.md = README.md
EndProjectSection
EndProject
Project("{FAE04EC0-301F-11D3-BF4B-00C04F79EFBC}") = "RealTime.SignalR.Angular", "RealTime.SignalR.Angular\RealTime.SignalR.Angular.csproj", "{8E94D732-82B1-4CB0-BCF0-1C071D36D688}"
EndProject
Global
	GlobalSection(SolutionConfigurationPlatforms) = preSolution
		Debug|Any CPU = Debug|Any CPU
		Debug|x64 = Debug|x64
		Debug|x86 = Debug|x86
		Release|Any CPU = Release|Any CPU
		Release|x64 = Release|x64
		Release|x86 = Release|x86
	EndGlobalSection
	GlobalSection(SolutionProperties) = preSolution
		HideSolutionNode = FALSE
	EndGlobalSection
	GlobalSection(ProjectConfigurationPlatforms) = postSolution
		{370F97ED-1DE1-40FC-BABC-5081FFC004DC}.Debug|Any CPU.ActiveCfg = Debug|Any CPU
		{370F97ED-1DE1-40FC-BABC-5081FFC004DC}.Debug|Any CPU.Build.0 = Debug|Any CPU
		{370F97ED-1DE1-40FC-BABC-5081FFC004DC}.Debug|x64.ActiveCfg = Debug|Any CPU
		{370F97ED-1DE1-40FC-BABC-5081FFC004DC}.Debug|x64.Build.0 = Debug|Any CPU
		{370F97ED-1DE1-40FC-BABC-5081FFC004DC}.Debug|x86.ActiveCfg = Debug|Any CPU
		{370F97ED-1DE1-40FC-BABC-5081FFC004DC}.Debug|x86.Build.0 = Debug|Any CPU
		{370F97ED-1DE1-40FC-BABC-5081FFC004DC}.Release|Any CPU.ActiveCfg = Release|Any CPU
		{370F97ED-1DE1-40FC-BABC-5081FFC004DC}.Release|Any CPU.Build.0 = Release|Any CPU
		{370F97ED-1DE1-40FC-BABC-5081FFC004DC}.Release|x64.ActiveCfg = Release|Any CPU
		{370F97ED-1DE1-40FC-BABC-5081FFC004DC}.Release|x64.Build.0 = Release|Any CPU
		{370F97ED-1DE1-40FC-BABC-5081FFC004DC}.Release|x86.ActiveCfg = Release|Any CPU
		{370F97ED-1DE1-40FC-BABC-5081FFC004DC}.Release|x86.Build.0 = Release|Any CPU
		{4CF128BB-006D-4D72-918B-3CCE8A1CD458}.Debug|Any CPU.ActiveCfg = Debug|Any CPU
		{4CF128BB-006D-4D72-918B-3CCE8A1CD458}.Debug|Any CPU.Build.0 = Debug|Any CPU
		{4CF128BB-006D-4D72-918B-3CCE8A1CD458}.Debug|x64.ActiveCfg = Debug|Any CPU
		{4CF128BB-006D-4D72-918B-3CCE8A1CD458}.Debug|x64.Build.0 = Debug|Any CPU
		{4CF128BB-006D-4D72-918B-3CCE8A1CD458}.Debug|x86.ActiveCfg = Debug|Any CPU
		{4CF128BB-006D-4D72-918B-3CCE8A1CD458}.Debug|x86.Build.0 = Debug|Any CPU
		{4CF128BB-006D-4D72-918B-3CCE8A1CD458}.Release|Any CPU.ActiveCfg = Release|Any CPU
		{4CF128BB-006D-4D72-918B-3CCE8A1CD458}.Release|Any CPU.Build.0 = Release|Any CPU
		{4CF128BB-006D-4D72-918B-3CCE8A1CD458}.Release|x64.ActiveCfg = Release|Any CPU
		{4CF128BB-006D-4D72-918B-3CCE8A1CD458}.Release|x64.Build.0 = Release|Any CPU
		{4CF128BB-006D-4D72-918B-3CCE8A1CD458}.Release|x86.ActiveCfg = Release|Any CPU
		{4CF128BB-006D-4D72-918B-3CCE8A1CD458}.Release|x86.Build.0 = Release|Any CPU
		{8E94D732-82B1-4CB0-BCF0-1C071D36D688}.Debug|Any CPU.ActiveCfg = Debug|Any CPU
		{8E94D732-82B1-4CB0-BCF0-1C071D36D688}.Debug|Any CPU.Build.0 = Debug|Any CPU
		{8E94D732-82B1-4CB0-BCF0-1C071D36D688}.Debug|x64.ActiveCfg = Debug|Any CPU
		{8E94D732-82B1-4CB0-BCF0-1C071D36D688}.Debug|x64.Build.0 = Debug|Any CPU
		{8E94D732-82B1-4CB0-BCF0-1C071D36D688}.Debug|x86.ActiveCfg = Debug|Any CPU
		{8E94D732-82B1-4CB0-BCF0-1C071D36D688}.Debug|x86.Build.0 = Debug|Any CPU
		{8E94D732-82B1-4CB0-BCF0-1C071D36D688}.Release|Any CPU.ActiveCfg = Release|Any CPU
		{8E94D732-82B1-4CB0-BCF0-1C071D36D688}.Release|Any CPU.Build.0 = Release|Any CPU
		{8E94D732-82B1-4CB0-BCF0-1C071D36D688}.Release|x64.ActiveCfg = Release|Any CPU
		{8E94D732-82B1-4CB0-BCF0-1C071D36D688}.Release|x64.Build.0 = Release|Any CPU
		{8E94D732-82B1-4CB0-BCF0-1C071D36D688}.Release|x86.ActiveCfg = Release|Any CPU
		{8E94D732-82B1-4CB0-BCF0-1C071D36D688}.Release|x86.Build.0 = Release|Any CPU
	EndGlobalSection
EndGlobal
