
Microsoft Visual Studio Solution File, Format Version 12.00
# Visual Studio Version 17
VisualStudioVersion = 17.0.31903.59
MinimumVisualStudioVersion = 10.0.40219.1
Project("{FAE04EC0-301F-11D3-BF4B-00C04F79EFBC}") = "QuestPdf.Console", "QuestPdf.Console\QuestPdf.Console.csproj", "{C19B4D75-8BF4-420E-905E-2A241B6E1E45}"
EndProject
Project("{FAE04EC0-301F-11D3-BF4B-00C04F79EFBC}") = "QuestPdf.Console.Tests", "QuestPdf.Console.Tests\QuestPdf.Console.Tests.csproj", "{EDBFBD2B-5ED3-4AB4-ABB3-FE929EBE7B21}"
EndProject
Global
	GlobalSection(SolutionConfigurationPlatforms) = preSolution
		Debug|Any CPU = Debug|Any CPU
		Debug|x64 = Debug|x64
		Debug|x86 = Debug|x86
		Release|Any CPU = Release|Any CPU
		Release|x64 = Release|x64
		Release|x86 = Release|x86
	EndGlobalSection
	GlobalSection(ProjectConfigurationPlatforms) = postSolution
		{C19B4D75-8BF4-420E-905E-2A241B6E1E45}.Debug|Any CPU.ActiveCfg = Debug|Any CPU
		{C19B4D75-8BF4-420E-905E-2A241B6E1E45}.Debug|Any CPU.Build.0 = Debug|Any CPU
		{C19B4D75-8BF4-420E-905E-2A241B6E1E45}.Debug|x64.ActiveCfg = Debug|Any CPU
		{C19B4D75-8BF4-420E-905E-2A241B6E1E45}.Debug|x64.Build.0 = Debug|Any CPU
		{C19B4D75-8BF4-420E-905E-2A241B6E1E45}.Debug|x86.ActiveCfg = Debug|Any CPU
		{C19B4D75-8BF4-420E-905E-2A241B6E1E45}.Debug|x86.Build.0 = Debug|Any CPU
		{C19B4D75-8BF4-420E-905E-2A241B6E1E45}.Release|Any CPU.ActiveCfg = Release|Any CPU
		{C19B4D75-8BF4-420E-905E-2A241B6E1E45}.Release|Any CPU.Build.0 = Release|Any CPU
		{C19B4D75-8BF4-420E-905E-2A241B6E1E45}.Release|x64.ActiveCfg = Release|Any CPU
		{C19B4D75-8BF4-420E-905E-2A241B6E1E45}.Release|x64.Build.0 = Release|Any CPU
		{C19B4D75-8BF4-420E-905E-2A241B6E1E45}.Release|x86.ActiveCfg = Release|Any CPU
		{C19B4D75-8BF4-420E-905E-2A241B6E1E45}.Release|x86.Build.0 = Release|Any CPU
		{EDBFBD2B-5ED3-4AB4-ABB3-FE929EBE7B21}.Debug|Any CPU.ActiveCfg = Debug|Any CPU
		{EDBFBD2B-5ED3-4AB4-ABB3-FE929EBE7B21}.Debug|Any CPU.Build.0 = Debug|Any CPU
		{EDBFBD2B-5ED3-4AB4-ABB3-FE929EBE7B21}.Debug|x64.ActiveCfg = Debug|Any CPU
		{EDBFBD2B-5ED3-4AB4-ABB3-FE929EBE7B21}.Debug|x64.Build.0 = Debug|Any CPU
		{EDBFBD2B-5ED3-4AB4-ABB3-FE929EBE7B21}.Debug|x86.ActiveCfg = Debug|Any CPU
		{EDBFBD2B-5ED3-4AB4-ABB3-FE929EBE7B21}.Debug|x86.Build.0 = Debug|Any CPU
		{EDBFBD2B-5ED3-4AB4-ABB3-FE929EBE7B21}.Release|Any CPU.ActiveCfg = Release|Any CPU
		{EDBFBD2B-5ED3-4AB4-ABB3-FE929EBE7B21}.Release|Any CPU.Build.0 = Release|Any CPU
		{EDBFBD2B-5ED3-4AB4-ABB3-FE929EBE7B21}.Release|x64.ActiveCfg = Release|Any CPU
		{EDBFBD2B-5ED3-4AB4-ABB3-FE929EBE7B21}.Release|x64.Build.0 = Release|Any CPU
		{EDBFBD2B-5ED3-4AB4-ABB3-FE929EBE7B21}.Release|x86.ActiveCfg = Release|Any CPU
		{EDBFBD2B-5ED3-4AB4-ABB3-FE929EBE7B21}.Release|x86.Build.0 = Release|Any CPU
	EndGlobalSection
	GlobalSection(SolutionProperties) = preSolution
		HideSolutionNode = FALSE
	EndGlobalSection
EndGlobal
