
Microsoft Visual Studio Solution File, Format Version 12.00
# Visual Studio Version 16
VisualStudioVersion = 16.0.30717.126
MinimumVisualStudioVersion = 15.0.26124.0
Project("{9A19103F-16F7-4668-BE54-9A1E7A4F7556}") = "ConsoleApp-Microservice", "ConsoleApp-Microservice\ConsoleApp-Microservice.csproj", "{02AC372C-269E-4B9B-8D9C-28C523247832}"
EndProject
Global
	GlobalSection(SolutionConfigurationPlatforms) = preSolution
		Debug|Any CPU = Debug|Any CPU
		Debug|x64 = Debug|x64
		Debug|x86 = Debug|x86
		Release|Any CPU = Release|Any CPU
		Release|x64 = Release|x64
		Release|x86 = Release|x86
	EndGlobalSection
	GlobalSection(ProjectConfigurationPlatforms) = postSolution
		{02AC372C-269E-4B9B-8D9C-28C523247832}.Debug|Any CPU.ActiveCfg = Debug|Any CPU
		{02AC372C-269E-4B9B-8D9C-28C523247832}.Debug|Any CPU.Build.0 = Debug|Any CPU
		{02AC372C-269E-4B9B-8D9C-28C523247832}.Debug|x64.ActiveCfg = Debug|Any CPU
		{02AC372C-269E-4B9B-8D9C-28C523247832}.Debug|x64.Build.0 = Debug|Any CPU
		{02AC372C-269E-4B9B-8D9C-28C523247832}.Debug|x86.ActiveCfg = Debug|Any CPU
		{02AC372C-269E-4B9B-8D9C-28C523247832}.Debug|x86.Build.0 = Debug|Any CPU
		{02AC372C-269E-4B9B-8D9C-28C523247832}.Release|Any CPU.ActiveCfg = Release|Any CPU
		{02AC372C-269E-4B9B-8D9C-28C523247832}.Release|Any CPU.Build.0 = Release|Any CPU
		{02AC372C-269E-4B9B-8D9C-28C523247832}.Release|x64.ActiveCfg = Release|Any CPU
		{02AC372C-269E-4B9B-8D9C-28C523247832}.Release|x64.Build.0 = Release|Any CPU
		{02AC372C-269E-4B9B-8D9C-28C523247832}.Release|x86.ActiveCfg = Release|Any CPU
		{02AC372C-269E-4B9B-8D9C-28C523247832}.Release|x86.Build.0 = Release|Any CPU
	EndGlobalSection
	GlobalSection(SolutionProperties) = preSolution
		HideSolutionNode = FALSE
	EndGlobalSection
	GlobalSection(ExtensibilityGlobals) = postSolution
		SolutionGuid = {3D23C7AF-8483-4B7E-B1BD-438A21A4034A}
	EndGlobalSection
EndGlobal
