
Microsoft Visual Studio Solution File, Format Version 12.00
# Visual Studio Version 17
VisualStudioVersion = 17.0.31903.59
MinimumVisualStudioVersion = 10.0.40219.1
Project("{FAE04EC0-301F-11D3-BF4B-00C04F79EFBC}") = "RealTime.ServiceDefaults", "RealTime.ServiceDefaults\RealTime.ServiceDefaults.csproj", "{B4E6B06C-BE88-4C05-9423-0DCCD643FA3D}"
EndProject
Project("{FAE04EC0-301F-11D3-BF4B-00C04F79EFBC}") = "RealTime.Api", "RealTime.Api\RealTime.Api.csproj", "{1035F9BB-83D4-4387-929E-5B4BA5BB1029}"
EndProject
Project("{FAE04EC0-301F-11D3-BF4B-00C04F79EFBC}") = "RealTime.Web", "RealTime.Web\RealTime.Web.csproj", "{F1A6D1CF-195E-4588-ACF3-654B1F534DA6}"
EndProject
Project("{FAE04EC0-301F-11D3-BF4B-00C04F79EFBC}") = "RealTime.AppHost", "RealTime.AppHost\RealTime.AppHost.csproj", "{E63772BE-806D-46BD-9FAC-ED8AC8F853B2}"
EndProject
Global
	GlobalSection(SolutionConfigurationPlatforms) = preSolution
		Debug|Any CPU = Debug|Any CPU
		Debug|x64 = Debug|x64
		Debug|x86 = Debug|x86
		Release|Any CPU = Release|Any CPU
		Release|x64 = Release|x64
		Release|x86 = Release|x86
	EndGlobalSection
	GlobalSection(ProjectConfigurationPlatforms) = postSolution
		{B4E6B06C-BE88-4C05-9423-0DCCD643FA3D}.Debug|Any CPU.ActiveCfg = Debug|Any CPU
		{B4E6B06C-BE88-4C05-9423-0DCCD643FA3D}.Debug|Any CPU.Build.0 = Debug|Any CPU
		{B4E6B06C-BE88-4C05-9423-0DCCD643FA3D}.Debug|x64.ActiveCfg = Debug|Any CPU
		{B4E6B06C-BE88-4C05-9423-0DCCD643FA3D}.Debug|x64.Build.0 = Debug|Any CPU
		{B4E6B06C-BE88-4C05-9423-0DCCD643FA3D}.Debug|x86.ActiveCfg = Debug|Any CPU
		{B4E6B06C-BE88-4C05-9423-0DCCD643FA3D}.Debug|x86.Build.0 = Debug|Any CPU
		{B4E6B06C-BE88-4C05-9423-0DCCD643FA3D}.Release|Any CPU.ActiveCfg = Release|Any CPU
		{B4E6B06C-BE88-4C05-9423-0DCCD643FA3D}.Release|Any CPU.Build.0 = Release|Any CPU
		{B4E6B06C-BE88-4C05-9423-0DCCD643FA3D}.Release|x64.ActiveCfg = Release|Any CPU
		{B4E6B06C-BE88-4C05-9423-0DCCD643FA3D}.Release|x64.Build.0 = Release|Any CPU
		{B4E6B06C-BE88-4C05-9423-0DCCD643FA3D}.Release|x86.ActiveCfg = Release|Any CPU
		{B4E6B06C-BE88-4C05-9423-0DCCD643FA3D}.Release|x86.Build.0 = Release|Any CPU
		{1035F9BB-83D4-4387-929E-5B4BA5BB1029}.Debug|Any CPU.ActiveCfg = Debug|Any CPU
		{1035F9BB-83D4-4387-929E-5B4BA5BB1029}.Debug|Any CPU.Build.0 = Debug|Any CPU
		{1035F9BB-83D4-4387-929E-5B4BA5BB1029}.Debug|x64.ActiveCfg = Debug|Any CPU
		{1035F9BB-83D4-4387-929E-5B4BA5BB1029}.Debug|x64.Build.0 = Debug|Any CPU
		{1035F9BB-83D4-4387-929E-5B4BA5BB1029}.Debug|x86.ActiveCfg = Debug|Any CPU
		{1035F9BB-83D4-4387-929E-5B4BA5BB1029}.Debug|x86.Build.0 = Debug|Any CPU
		{1035F9BB-83D4-4387-929E-5B4BA5BB1029}.Release|Any CPU.ActiveCfg = Release|Any CPU
		{1035F9BB-83D4-4387-929E-5B4BA5BB1029}.Release|Any CPU.Build.0 = Release|Any CPU
		{1035F9BB-83D4-4387-929E-5B4BA5BB1029}.Release|x64.ActiveCfg = Release|Any CPU
		{1035F9BB-83D4-4387-929E-5B4BA5BB1029}.Release|x64.Build.0 = Release|Any CPU
		{1035F9BB-83D4-4387-929E-5B4BA5BB1029}.Release|x86.ActiveCfg = Release|Any CPU
		{1035F9BB-83D4-4387-929E-5B4BA5BB1029}.Release|x86.Build.0 = Release|Any CPU
		{F1A6D1CF-195E-4588-ACF3-654B1F534DA6}.Debug|Any CPU.ActiveCfg = Debug|Any CPU
		{F1A6D1CF-195E-4588-ACF3-654B1F534DA6}.Debug|Any CPU.Build.0 = Debug|Any CPU
		{F1A6D1CF-195E-4588-ACF3-654B1F534DA6}.Debug|x64.ActiveCfg = Debug|Any CPU
		{F1A6D1CF-195E-4588-ACF3-654B1F534DA6}.Debug|x64.Build.0 = Debug|Any CPU
		{F1A6D1CF-195E-4588-ACF3-654B1F534DA6}.Debug|x86.ActiveCfg = Debug|Any CPU
		{F1A6D1CF-195E-4588-ACF3-654B1F534DA6}.Debug|x86.Build.0 = Debug|Any CPU
		{F1A6D1CF-195E-4588-ACF3-654B1F534DA6}.Release|Any CPU.ActiveCfg = Release|Any CPU
		{F1A6D1CF-195E-4588-ACF3-654B1F534DA6}.Release|Any CPU.Build.0 = Release|Any CPU
		{F1A6D1CF-195E-4588-ACF3-654B1F534DA6}.Release|x64.ActiveCfg = Release|Any CPU
		{F1A6D1CF-195E-4588-ACF3-654B1F534DA6}.Release|x64.Build.0 = Release|Any CPU
		{F1A6D1CF-195E-4588-ACF3-654B1F534DA6}.Release|x86.ActiveCfg = Release|Any CPU
		{F1A6D1CF-195E-4588-ACF3-654B1F534DA6}.Release|x86.Build.0 = Release|Any CPU
		{E63772BE-806D-46BD-9FAC-ED8AC8F853B2}.Debug|Any CPU.ActiveCfg = Debug|Any CPU
		{E63772BE-806D-46BD-9FAC-ED8AC8F853B2}.Debug|Any CPU.Build.0 = Debug|Any CPU
		{E63772BE-806D-46BD-9FAC-ED8AC8F853B2}.Debug|x64.ActiveCfg = Debug|Any CPU
		{E63772BE-806D-46BD-9FAC-ED8AC8F853B2}.Debug|x64.Build.0 = Debug|Any CPU
		{E63772BE-806D-46BD-9FAC-ED8AC8F853B2}.Debug|x86.ActiveCfg = Debug|Any CPU
		{E63772BE-806D-46BD-9FAC-ED8AC8F853B2}.Debug|x86.Build.0 = Debug|Any CPU
		{E63772BE-806D-46BD-9FAC-ED8AC8F853B2}.Release|Any CPU.ActiveCfg = Release|Any CPU
		{E63772BE-806D-46BD-9FAC-ED8AC8F853B2}.Release|Any CPU.Build.0 = Release|Any CPU
		{E63772BE-806D-46BD-9FAC-ED8AC8F853B2}.Release|x64.ActiveCfg = Release|Any CPU
		{E63772BE-806D-46BD-9FAC-ED8AC8F853B2}.Release|x64.Build.0 = Release|Any CPU
		{E63772BE-806D-46BD-9FAC-ED8AC8F853B2}.Release|x86.ActiveCfg = Release|Any CPU
		{E63772BE-806D-46BD-9FAC-ED8AC8F853B2}.Release|x86.Build.0 = Release|Any CPU
	EndGlobalSection
	GlobalSection(SolutionProperties) = preSolution
		HideSolutionNode = FALSE
	EndGlobalSection
EndGlobal
