
Microsoft Visual Studio Solution File, Format Version 12.00
# Visual Studio Version 16
VisualStudioVersion = 16.0.30114.105
MinimumVisualStudioVersion = 10.0.40219.1
Project("{FAE04EC0-301F-11D3-BF4B-00C04F79EFBC}") = "Infrastructure.ConsoleApp", "Infrastructure.ConsoleApp\Infrastructure.ConsoleApp.csproj", "{B0C7E65B-5BF6-4D40-ABC5-1FAC621255EC}"
EndProject
Global
	GlobalSection(SolutionConfigurationPlatforms) = preSolution
		Debug|Any CPU = Debug|Any CPU
		Release|Any CPU = Release|Any CPU
	EndGlobalSection
	GlobalSection(SolutionProperties) = preSolution
		HideSolutionNode = FALSE
	EndGlobalSection
	GlobalSection(ProjectConfigurationPlatforms) = postSolution
		{B0C7E65B-5BF6-4D40-ABC5-1FAC621255EC}.Debug|Any CPU.ActiveCfg = Debug|Any CPU
		{B0C7E65B-5BF6-4D40-ABC5-1FAC621255EC}.Debug|Any CPU.Build.0 = Debug|Any CPU
		{B0C7E65B-5BF6-4D40-ABC5-1FAC621255EC}.Release|Any CPU.ActiveCfg = Release|Any CPU
		{B0C7E65B-5BF6-4D40-ABC5-1FAC621255EC}.Release|Any CPU.Build.0 = Release|Any CPU
	EndGlobalSection
EndGlobal
