
Microsoft Visual Studio Solution File, Format Version 12.00
# Visual Studio Version 16
VisualStudioVersion = 16.0.30717.126
MinimumVisualStudioVersion = 15.0.26124.0
Project("{FAE04EC0-301F-11D3-BF4B-00C04F79EFBC}") = "SerilogExample.Web", "SerilogExample.Web\SerilogExample.Web.csproj", "{5BBD356D-A431-49C6-84CE-D5423A7406FE}"
EndProject
Project("{FAE04EC0-301F-11D3-BF4B-00C04F79EFBC}") = "SerilogExample.Web.Tests", "SerilogExample.Web.Tests\SerilogExample.Web.Tests.csproj", "{D428E171-01D2-4969-BCD2-99BA3CC23C81}"
EndProject
Global
	GlobalSection(SolutionConfigurationPlatforms) = preSolution
		Debug|Any CPU = Debug|Any CPU
		Debug|x64 = Debug|x64
		Debug|x86 = Debug|x86
		Release|Any CPU = Release|Any CPU
		Release|x64 = Release|x64
		Release|x86 = Release|x86
	EndGlobalSection
	GlobalSection(ProjectConfigurationPlatforms) = postSolution
		{5BBD356D-A431-49C6-84CE-D5423A7406FE}.Debug|Any CPU.ActiveCfg = Debug|Any CPU
		{5BBD356D-A431-49C6-84CE-D5423A7406FE}.Debug|Any CPU.Build.0 = Debug|Any CPU
		{5BBD356D-A431-49C6-84CE-D5423A7406FE}.Debug|x64.ActiveCfg = Debug|Any CPU
		{5BBD356D-A431-49C6-84CE-D5423A7406FE}.Debug|x64.Build.0 = Debug|Any CPU
		{5BBD356D-A431-49C6-84CE-D5423A7406FE}.Debug|x86.ActiveCfg = Debug|Any CPU
		{5BBD356D-A431-49C6-84CE-D5423A7406FE}.Debug|x86.Build.0 = Debug|Any CPU
		{5BBD356D-A431-49C6-84CE-D5423A7406FE}.Release|Any CPU.ActiveCfg = Release|Any CPU
		{5BBD356D-A431-49C6-84CE-D5423A7406FE}.Release|Any CPU.Build.0 = Release|Any CPU
		{5BBD356D-A431-49C6-84CE-D5423A7406FE}.Release|x64.ActiveCfg = Release|Any CPU
		{5BBD356D-A431-49C6-84CE-D5423A7406FE}.Release|x64.Build.0 = Release|Any CPU
		{5BBD356D-A431-49C6-84CE-D5423A7406FE}.Release|x86.ActiveCfg = Release|Any CPU
		{5BBD356D-A431-49C6-84CE-D5423A7406FE}.Release|x86.Build.0 = Release|Any CPU
		{D428E171-01D2-4969-BCD2-99BA3CC23C81}.Debug|Any CPU.ActiveCfg = Debug|Any CPU
		{D428E171-01D2-4969-BCD2-99BA3CC23C81}.Debug|Any CPU.Build.0 = Debug|Any CPU
		{D428E171-01D2-4969-BCD2-99BA3CC23C81}.Debug|x64.ActiveCfg = Debug|Any CPU
		{D428E171-01D2-4969-BCD2-99BA3CC23C81}.Debug|x64.Build.0 = Debug|Any CPU
		{D428E171-01D2-4969-BCD2-99BA3CC23C81}.Debug|x86.ActiveCfg = Debug|Any CPU
		{D428E171-01D2-4969-BCD2-99BA3CC23C81}.Debug|x86.Build.0 = Debug|Any CPU
		{D428E171-01D2-4969-BCD2-99BA3CC23C81}.Release|Any CPU.ActiveCfg = Release|Any CPU
		{D428E171-01D2-4969-BCD2-99BA3CC23C81}.Release|Any CPU.Build.0 = Release|Any CPU
		{D428E171-01D2-4969-BCD2-99BA3CC23C81}.Release|x64.ActiveCfg = Release|Any CPU
		{D428E171-01D2-4969-BCD2-99BA3CC23C81}.Release|x64.Build.0 = Release|Any CPU
		{D428E171-01D2-4969-BCD2-99BA3CC23C81}.Release|x86.ActiveCfg = Release|Any CPU
		{D428E171-01D2-4969-BCD2-99BA3CC23C81}.Release|x86.Build.0 = Release|Any CPU
	EndGlobalSection
	GlobalSection(SolutionProperties) = preSolution
		HideSolutionNode = FALSE
	EndGlobalSection
	GlobalSection(ExtensibilityGlobals) = postSolution
		SolutionGuid = {2CFE477B-D1D9-4FD9-8E57-B1CE2E22A794}
	EndGlobalSection
EndGlobal
